// !$*UTF8*$!
{
	archiveVersion = 1;
	classes = {
	};
	objectVersion = 55;
	objects = {

/* Begin PBXBuildFile section */
		5A13588D280E8D0800DE431D /* PaywallView.swift in Sources */ = {isa = PBXBuildFile; fileRef = 5A13588C280E8D0800DE431D /* PaywallView.swift */; };
		5A13588F280E8D1400DE431D /* PaywallViewController.swift in Sources */ = {isa = PBXBuildFile; fileRef = 5A13588E280E8D1400DE431D /* PaywallViewController.swift */; };
		5A62AAEA2811776A003667D2 /* SettingsViewController.swift in Sources */ = {isa = PBXBuildFile; fileRef = 5A62AAE92811776A003667D2 /* SettingsViewController.swift */; };
		5A62AAEC281177A0003667D2 /* SettingsView.swift in Sources */ = {isa = PBXBuildFile; fileRef = 5A62AAEB281177A0003667D2 /* SettingsView.swift */; };
		5A62AAEF28118CF8003667D2 /* SettingsFrameView.swift in Sources */ = {isa = PBXBuildFile; fileRef = 5A62AAEE28118CF8003667D2 /* SettingsFrameView.swift */; };
		5A62AAF12811A8C6003667D2 /* SettingsFrameBackgroundView.swift in Sources */ = {isa = PBXBuildFile; fileRef = 5A62AAF02811A8C6003667D2 /* SettingsFrameBackgroundView.swift */; };
		5A8841B8280B4DA800A8291B /* AppDelegate.swift in Sources */ = {isa = PBXBuildFile; fileRef = 5A8841B7280B4DA800A8291B /* AppDelegate.swift */; };
		5A8841BA280B4DA800A8291B /* SceneDelegate.swift in Sources */ = {isa = PBXBuildFile; fileRef = 5A8841B9280B4DA800A8291B /* SceneDelegate.swift */; };
		5A8841BC280B4DA800A8291B /* PlansleepViewController.swift in Sources */ = {isa = PBXBuildFile; fileRef = 5A8841BB280B4DA800A8291B /* PlansleepViewController.swift */; };
		5A8841C1280B4DAA00A8291B /* Assets.xcassets in Resources */ = {isa = PBXBuildFile; fileRef = 5A8841C0280B4DAA00A8291B /* Assets.xcassets */; };
		5A8841C4280B4DAA00A8291B /* LaunchScreen.storyboard in Resources */ = {isa = PBXBuildFile; fileRef = 5A8841C2280B4DAA00A8291B /* LaunchScreen.storyboard */; };
		5A8841CC280B5EA300A8291B /* PlansleepView.swift in Sources */ = {isa = PBXBuildFile; fileRef = 5A8841CB280B5EA300A8291B /* PlansleepView.swift */; };
		5A8FB7AE280BDA9400D44CA6 /* MyNavigationController.swift in Sources */ = {isa = PBXBuildFile; fileRef = 5A8FB7AD280BDA9400D44CA6 /* MyNavigationController.swift */; };
		5A8FB7B0280BDB6900D44CA6 /* UI.swift in Sources */ = {isa = PBXBuildFile; fileRef = 5A8FB7AF280BDB6900D44CA6 /* UI.swift */; };
		5A8FB7B7280BDE6B00D44CA6 /* Nunito-Light.ttf in Resources */ = {isa = PBXBuildFile; fileRef = 5A8FB7B2280BDE5400D44CA6 /* Nunito-Light.ttf */; };
		5A8FB7B8280BDF5200D44CA6 /* Nunito-Bold.ttf in Resources */ = {isa = PBXBuildFile; fileRef = 5A8FB7B4280BDE5400D44CA6 /* Nunito-Bold.ttf */; };
		5A8FB7B9280BDF5400D44CA6 /* Nunito-Italic.ttf in Resources */ = {isa = PBXBuildFile; fileRef = 5A8FB7B3280BDE5400D44CA6 /* Nunito-Italic.ttf */; };
		5A8FB7BA280BDF5A00D44CA6 /* Nunito-Medium.ttf in Resources */ = {isa = PBXBuildFile; fileRef = 5A8FB7B6280BDE5400D44CA6 /* Nunito-Medium.ttf */; };
		5A8FB7BB280BDF5D00D44CA6 /* Nunito-Regular.ttf in Resources */ = {isa = PBXBuildFile; fileRef = 5A8FB7B5280BDE5400D44CA6 /* Nunito-Regular.ttf */; };
		5A8FB7BD280C1D3D00D44CA6 /* StorageManager.swift in Sources */ = {isa = PBXBuildFile; fileRef = 5A8FB7BC280C1D3D00D44CA6 /* StorageManager.swift */; };
		5A8FB7BF280C216D00D44CA6 /* Time.swift in Sources */ = {isa = PBXBuildFile; fileRef = 5A8FB7BE280C216D00D44CA6 /* Time.swift */; };
		5A8FB7C7280C460E00D44CA6 /* UIPageIndicatorView.swift in Sources */ = {isa = PBXBuildFile; fileRef = 5A8FB7C6280C460E00D44CA6 /* UIPageIndicatorView.swift */; };
		5A8FB7C9280C550600D44CA6 /* UICircle.swift in Sources */ = {isa = PBXBuildFile; fileRef = 5A8FB7C8280C550600D44CA6 /* UICircle.swift */; };
		5A8FB7CD280C70C300D44CA6 /* MixView.swift in Sources */ = {isa = PBXBuildFile; fileRef = 5A8FB7CC280C70C300D44CA6 /* MixView.swift */; };
		5A8FB7CF280C70E300D44CA6 /* MixViewController.swift in Sources */ = {isa = PBXBuildFile; fileRef = 5A8FB7CE280C70E300D44CA6 /* MixViewController.swift */; };
		5A945F31280DCC60001AA3C4 /* readme.md in Resources */ = {isa = PBXBuildFile; fileRef = 5A945F30280DCC60001AA3C4 /* readme.md */; };
		5A945F34280DCFCF001AA3C4 /* PrivacyView.swift in Sources */ = {isa = PBXBuildFile; fileRef = 5A945F33280DCFCF001AA3C4 /* PrivacyView.swift */; };
		5A945F36280DCFF4001AA3C4 /* PrivacyViewController.swift in Sources */ = {isa = PBXBuildFile; fileRef = 5A945F35280DCFF4001AA3C4 /* PrivacyViewController.swift */; };
		5AB9A8B0280D82E9009895BC /* HapticManager.swift in Sources */ = {isa = PBXBuildFile; fileRef = 5AB9A8AF280D82E9009895BC /* HapticManager.swift */; };
/* End PBXBuildFile section */

/* Begin PBXFileReference section */
		5A13588C280E8D0800DE431D /* PaywallView.swift */ = {isa = PBXFileReference; lastKnownFileType = sourcecode.swift; path = PaywallView.swift; sourceTree = "<group>"; };
		5A13588E280E8D1400DE431D /* PaywallViewController.swift */ = {isa = PBXFileReference; lastKnownFileType = sourcecode.swift; path = PaywallViewController.swift; sourceTree = "<group>"; };
		5A62AAE92811776A003667D2 /* SettingsViewController.swift */ = {isa = PBXFileReference; lastKnownFileType = sourcecode.swift; path = SettingsViewController.swift; sourceTree = "<group>"; };
		5A62AAEB281177A0003667D2 /* SettingsView.swift */ = {isa = PBXFileReference; lastKnownFileType = sourcecode.swift; path = SettingsView.swift; sourceTree = "<group>"; };
		5A62AAEE28118CF8003667D2 /* SettingsFrameView.swift */ = {isa = PBXFileReference; lastKnownFileType = sourcecode.swift; path = SettingsFrameView.swift; sourceTree = "<group>"; };
		5A62AAF02811A8C6003667D2 /* SettingsFrameBackgroundView.swift */ = {isa = PBXFileReference; lastKnownFileType = sourcecode.swift; path = SettingsFrameBackgroundView.swift; sourceTree = "<group>"; };
		5A8841B4280B4DA800A8291B /* WhiteNoise.app */ = {isa = PBXFileReference; explicitFileType = wrapper.application; includeInIndex = 0; path = WhiteNoise.app; sourceTree = BUILT_PRODUCTS_DIR; };
		5A8841B7280B4DA800A8291B /* AppDelegate.swift */ = {isa = PBXFileReference; lastKnownFileType = sourcecode.swift; path = AppDelegate.swift; sourceTree = "<group>"; };
		5A8841B9280B4DA800A8291B /* SceneDelegate.swift */ = {isa = PBXFileReference; lastKnownFileType = sourcecode.swift; path = SceneDelegate.swift; sourceTree = "<group>"; };
		5A8841BB280B4DA800A8291B /* PlansleepViewController.swift */ = {isa = PBXFileReference; lastKnownFileType = sourcecode.swift; path = PlansleepViewController.swift; sourceTree = "<group>"; };
		5A8841C0280B4DAA00A8291B /* Assets.xcassets */ = {isa = PBXFileReference; lastKnownFileType = folder.assetcatalog; path = Assets.xcassets; sourceTree = "<group>"; };
		5A8841C3280B4DAA00A8291B /* Base */ = {isa = PBXFileReference; lastKnownFileType = file.storyboard; name = Base; path = Base.lproj/LaunchScreen.storyboard; sourceTree = "<group>"; };
		5A8841C5280B4DAA00A8291B /* Info.plist */ = {isa = PBXFileReference; lastKnownFileType = text.plist.xml; path = Info.plist; sourceTree = "<group>"; };
		5A8841CB280B5EA300A8291B /* PlansleepView.swift */ = {isa = PBXFileReference; lastKnownFileType = sourcecode.swift; path = PlansleepView.swift; sourceTree = "<group>"; };
		5A8FB7AD280BDA9400D44CA6 /* MyNavigationController.swift */ = {isa = PBXFileReference; lastKnownFileType = sourcecode.swift; path = MyNavigationController.swift; sourceTree = "<group>"; };
		5A8FB7AF280BDB6900D44CA6 /* UI.swift */ = {isa = PBXFileReference; lastKnownFileType = sourcecode.swift; path = UI.swift; sourceTree = "<group>"; };
		5A8FB7B2280BDE5400D44CA6 /* Nunito-Light.ttf */ = {isa = PBXFileReference; lastKnownFileType = file; path = "Nunito-Light.ttf"; sourceTree = "<group>"; };
		5A8FB7B3280BDE5400D44CA6 /* Nunito-Italic.ttf */ = {isa = PBXFileReference; lastKnownFileType = file; path = "Nunito-Italic.ttf"; sourceTree = "<group>"; };
		5A8FB7B4280BDE5400D44CA6 /* Nunito-Bold.ttf */ = {isa = PBXFileReference; lastKnownFileType = file; path = "Nunito-Bold.ttf"; sourceTree = "<group>"; };
		5A8FB7B5280BDE5400D44CA6 /* Nunito-Regular.ttf */ = {isa = PBXFileReference; lastKnownFileType = file; path = "Nunito-Regular.ttf"; sourceTree = "<group>"; };
		5A8FB7B6280BDE5400D44CA6 /* Nunito-Medium.ttf */ = {isa = PBXFileReference; lastKnownFileType = file; path = "Nunito-Medium.ttf"; sourceTree = "<group>"; };
		5A8FB7BC280C1D3D00D44CA6 /* StorageManager.swift */ = {isa = PBXFileReference; lastKnownFileType = sourcecode.swift; path = StorageManager.swift; sourceTree = "<group>"; };
		5A8FB7BE280C216D00D44CA6 /* Time.swift */ = {isa = PBXFileReference; lastKnownFileType = sourcecode.swift; path = Time.swift; sourceTree = "<group>"; };
		5A8FB7C6280C460E00D44CA6 /* UIPageIndicatorView.swift */ = {isa = PBXFileReference; lastKnownFileType = sourcecode.swift; path = UIPageIndicatorView.swift; sourceTree = "<group>"; };
		5A8FB7C8280C550600D44CA6 /* UICircle.swift */ = {isa = PBXFileReference; lastKnownFileType = sourcecode.swift; path = UICircle.swift; sourceTree = "<group>"; };
		5A8FB7CC280C70C300D44CA6 /* MixView.swift */ = {isa = PBXFileReference; lastKnownFileType = sourcecode.swift; path = MixView.swift; sourceTree = "<group>"; };
		5A8FB7CE280C70E300D44CA6 /* MixViewController.swift */ = {isa = PBXFileReference; lastKnownFileType = sourcecode.swift; path = MixViewController.swift; sourceTree = "<group>"; };
		5A945F30280DCC60001AA3C4 /* readme.md */ = {isa = PBXFileReference; lastKnownFileType = net.daringfireball.markdown; path = readme.md; sourceTree = "<group>"; };
		5A945F33280DCFCF001AA3C4 /* PrivacyView.swift */ = {isa = PBXFileReference; lastKnownFileType = sourcecode.swift; path = PrivacyView.swift; sourceTree = "<group>"; };
		5A945F35280DCFF4001AA3C4 /* PrivacyViewController.swift */ = {isa = PBXFileReference; lastKnownFileType = sourcecode.swift; path = PrivacyViewController.swift; sourceTree = "<group>"; };
		5AB9A8AF280D82E9009895BC /* HapticManager.swift */ = {isa = PBXFileReference; lastKnownFileType = sourcecode.swift; path = HapticManager.swift; sourceTree = "<group>"; };
/* End PBXFileReference section */

/* Begin PBXFrameworksBuildPhase section */
		5A8841B1280B4DA800A8291B /* Frameworks */ = {
			isa = PBXFrameworksBuildPhase;
			buildActionMask = 2147483647;
			files = (
			);
			runOnlyForDeploymentPostprocessing = 0;
		};
/* End PBXFrameworksBuildPhase section */

/* Begin PBXGroup section */
		5A62AAE82811774C003667D2 /* Settings */ = {
			isa = PBXGroup;
			children = (
				5A62AAED28118CDA003667D2 /* Subviews */,
				5A62AAE92811776A003667D2 /* SettingsViewController.swift */,
				5A62AAEB281177A0003667D2 /* SettingsView.swift */,
			);
			path = Settings;
			sourceTree = "<group>";
		};
		5A62AAED28118CDA003667D2 /* Subviews */ = {
			isa = PBXGroup;
			children = (
				5A62AAEE28118CF8003667D2 /* SettingsFrameView.swift */,
				5A62AAF02811A8C6003667D2 /* SettingsFrameBackgroundView.swift */,
			);
			path = Subviews;
			sourceTree = "<group>";
		};
		5A8841AB280B4DA800A8291B = {
			isa = PBXGroup;
			children = (
				5A945F30280DCC60001AA3C4 /* readme.md */,
				5A8841B6280B4DA800A8291B /* WhiteNoise */,
				5A8841B5280B4DA800A8291B /* Products */,
			);
			sourceTree = "<group>";
		};
		5A8841B5280B4DA800A8291B /* Products */ = {
			isa = PBXGroup;
			children = (
				5A8841B4280B4DA800A8291B /* WhiteNoise.app */,
			);
			name = Products;
			sourceTree = "<group>";
		};
		5A8841B6280B4DA800A8291B /* WhiteNoise */ = {
			isa = PBXGroup;
			children = (
				5A8FB7CA280C5A3200D44CA6 /* UI */,
				5A8FB7AD280BDA9400D44CA6 /* MyNavigationController.swift */,
				5A8FB7C4280C45A000D44CA6 /* Views */,
				5A8FB7C3280C2A7600D44CA6 /* Extensions */,
				5A8FB7C1280C29AA00D44CA6 /* Models */,
				5A8FB7C0280C298500D44CA6 /* Managers */,
				5A8FB7B1280BDE0400D44CA6 /* Fonts */,
				5A8841B7280B4DA800A8291B /* AppDelegate.swift */,
				5A8841B9280B4DA800A8291B /* SceneDelegate.swift */,
				5A8841C0280B4DAA00A8291B /* Assets.xcassets */,
				5A8841C2280B4DAA00A8291B /* LaunchScreen.storyboard */,
				5A8841C5280B4DAA00A8291B /* Info.plist */,
			);
			path = WhiteNoise;
			sourceTree = "<group>";
		};
		5A8FB7B1280BDE0400D44CA6 /* Fonts */ = {
			isa = PBXGroup;
			children = (
				5A8FB7B4280BDE5400D44CA6 /* Nunito-Bold.ttf */,
				5A8FB7B3280BDE5400D44CA6 /* Nunito-Italic.ttf */,
				5A8FB7B2280BDE5400D44CA6 /* Nunito-Light.ttf */,
				5A8FB7B6280BDE5400D44CA6 /* Nunito-Medium.ttf */,
				5A8FB7B5280BDE5400D44CA6 /* Nunito-Regular.ttf */,
			);
			path = Fonts;
			sourceTree = "<group>";
		};
		5A8FB7C0280C298500D44CA6 /* Managers */ = {
			isa = PBXGroup;
			children = (
				5A8FB7BC280C1D3D00D44CA6 /* StorageManager.swift */,
				5AB9A8AF280D82E9009895BC /* HapticManager.swift */,
			);
			path = Managers;
			sourceTree = "<group>";
		};
		5A8FB7C1280C29AA00D44CA6 /* Models */ = {
			isa = PBXGroup;
			children = (
				5A8FB7BE280C216D00D44CA6 /* Time.swift */,
			);
			path = Models;
			sourceTree = "<group>";
		};
		5A8FB7C2280C2A0400D44CA6 /* Plansleep */ = {
			isa = PBXGroup;
			children = (
				5A8841BB280B4DA800A8291B /* PlansleepViewController.swift */,
				5A8841CB280B5EA300A8291B /* PlansleepView.swift */,
			);
			path = Plansleep;
			sourceTree = "<group>";
		};
		5A8FB7C3280C2A7600D44CA6 /* Extensions */ = {
			isa = PBXGroup;
			children = (
				5A8FB7AF280BDB6900D44CA6 /* UI.swift */,
			);
			path = Extensions;
			sourceTree = "<group>";
		};
		5A8FB7C4280C45A000D44CA6 /* Views */ = {
			isa = PBXGroup;
			children = (
				5A8FB7C6280C460E00D44CA6 /* UIPageIndicatorView.swift */,
				5A8FB7C8280C550600D44CA6 /* UICircle.swift */,
			);
			path = Views;
			sourceTree = "<group>";
		};
		5A8FB7CA280C5A3200D44CA6 /* UI */ = {
			isa = PBXGroup;
			children = (
				5A62AAE82811774C003667D2 /* Settings */,
				5A945F37280E8C3A001AA3C4 /* Paywall */,
				5A945F32280DCFC5001AA3C4 /* Privacy */,
				5A8FB7CB280C709E00D44CA6 /* Mix */,
				5A8FB7C2280C2A0400D44CA6 /* Plansleep */,
			);
			path = UI;
			sourceTree = "<group>";
		};
		5A8FB7CB280C709E00D44CA6 /* Mix */ = {
			isa = PBXGroup;
			children = (
				5A8FB7CC280C70C300D44CA6 /* MixView.swift */,
				5A8FB7CE280C70E300D44CA6 /* MixViewController.swift */,
			);
			path = Mix;
			sourceTree = "<group>";
		};
		5A945F32280DCFC5001AA3C4 /* Privacy */ = {
			isa = PBXGroup;
			children = (
				5A945F33280DCFCF001AA3C4 /* PrivacyView.swift */,
				5A945F35280DCFF4001AA3C4 /* PrivacyViewController.swift */,
			);
			path = Privacy;
			sourceTree = "<group>";
		};
		5A945F37280E8C3A001AA3C4 /* Paywall */ = {
			isa = PBXGroup;
			children = (
				5A13588C280E8D0800DE431D /* PaywallView.swift */,
				5A13588E280E8D1400DE431D /* PaywallViewController.swift */,
			);
			path = Paywall;
			sourceTree = "<group>";
		};
/* End PBXGroup section */

/* Begin PBXNativeTarget section */
		5A8841B3280B4DA800A8291B /* WhiteNoise */ = {
			isa = PBXNativeTarget;
			buildConfigurationList = 5A8841C8280B4DAA00A8291B /* Build configuration list for PBXNativeTarget "WhiteNoise" */;
			buildPhases = (
				5A8841B0280B4DA800A8291B /* Sources */,
				5A8841B1280B4DA800A8291B /* Frameworks */,
				5A8841B2280B4DA800A8291B /* Resources */,
			);
			buildRules = (
			);
			dependencies = (
			);
			name = WhiteNoise;
			productName = WhiteNoise;
			productReference = 5A8841B4280B4DA800A8291B /* WhiteNoise.app */;
			productType = "com.apple.product-type.application";
		};
/* End PBXNativeTarget section */

/* Begin PBXProject section */
		5A8841AC280B4DA800A8291B /* Project object */ = {
			isa = PBXProject;
			attributes = {
				BuildIndependentTargetsInParallel = 1;
				LastSwiftUpdateCheck = 1330;
				LastUpgradeCheck = 1330;
				TargetAttributes = {
					5A8841B3280B4DA800A8291B = {
						CreatedOnToolsVersion = 13.3.1;
					};
				};
			};
			buildConfigurationList = 5A8841AF280B4DA800A8291B /* Build configuration list for PBXProject "WhiteNoise" */;
			compatibilityVersion = "Xcode 13.0";
			developmentRegion = en;
			hasScannedForEncodings = 0;
			knownRegions = (
				en,
				Base,
			);
			mainGroup = 5A8841AB280B4DA800A8291B;
			productRefGroup = 5A8841B5280B4DA800A8291B /* Products */;
			projectDirPath = "";
			projectRoot = "";
			targets = (
				5A8841B3280B4DA800A8291B /* WhiteNoise */,
			);
		};
/* End PBXProject section */

/* Begin PBXResourcesBuildPhase section */
		5A8841B2280B4DA800A8291B /* Resources */ = {
			isa = PBXResourcesBuildPhase;
			buildActionMask = 2147483647;
			files = (
				5A8841C4280B4DAA00A8291B /* LaunchScreen.storyboard in Resources */,
				5A8FB7B9280BDF5400D44CA6 /* Nunito-Italic.ttf in Resources */,
				5A8FB7BA280BDF5A00D44CA6 /* Nunito-Medium.ttf in Resources */,
				5A8841C1280B4DAA00A8291B /* Assets.xcassets in Resources */,
				5A8FB7BB280BDF5D00D44CA6 /* Nunito-Regular.ttf in Resources */,
				5A8FB7B8280BDF5200D44CA6 /* Nunito-Bold.ttf in Resources */,
				5A945F31280DCC60001AA3C4 /* readme.md in Resources */,
				5A8FB7B7280BDE6B00D44CA6 /* Nunito-Light.ttf in Resources */,
			);
			runOnlyForDeploymentPostprocessing = 0;
		};
/* End PBXResourcesBuildPhase section */

/* Begin PBXSourcesBuildPhase section */
		5A8841B0280B4DA800A8291B /* Sources */ = {
			isa = PBXSourcesBuildPhase;
			buildActionMask = 2147483647;
			files = (
				5AB9A8B0280D82E9009895BC /* HapticManager.swift in Sources */,
				5A13588D280E8D0800DE431D /* PaywallView.swift in Sources */,
				5A13588F280E8D1400DE431D /* PaywallViewController.swift in Sources */,
				5A8841BC280B4DA800A8291B /* PlansleepViewController.swift in Sources */,
				5A945F36280DCFF4001AA3C4 /* PrivacyViewController.swift in Sources */,
				5A8FB7C7280C460E00D44CA6 /* UIPageIndicatorView.swift in Sources */,
				5A8FB7B0280BDB6900D44CA6 /* UI.swift in Sources */,
				5A8FB7CF280C70E300D44CA6 /* MixViewController.swift in Sources */,
				5A945F34280DCFCF001AA3C4 /* PrivacyView.swift in Sources */,
				5A8FB7CD280C70C300D44CA6 /* MixView.swift in Sources */,
				5A8841CC280B5EA300A8291B /* PlansleepView.swift in Sources */,
				5A8FB7BD280C1D3D00D44CA6 /* StorageManager.swift in Sources */,
				5A62AAF12811A8C6003667D2 /* SettingsFrameBackgroundView.swift in Sources */,
				5A8FB7BF280C216D00D44CA6 /* Time.swift in Sources */,
				5A8841B8280B4DA800A8291B /* AppDelegate.swift in Sources */,
				5A8FB7C9280C550600D44CA6 /* UICircle.swift in Sources */,
				5A8FB7AE280BDA9400D44CA6 /* MyNavigationController.swift in Sources */,
				5A8841BA280B4DA800A8291B /* SceneDelegate.swift in Sources */,
				5A62AAEF28118CF8003667D2 /* SettingsFrameView.swift in Sources */,
				5A62AAEA2811776A003667D2 /* SettingsViewController.swift in Sources */,
				5A62AAEC281177A0003667D2 /* SettingsView.swift in Sources */,
			);
			runOnlyForDeploymentPostprocessing = 0;
		};
/* End PBXSourcesBuildPhase section */

/* Begin PBXVariantGroup section */
		5A8841C2280B4DAA00A8291B /* LaunchScreen.storyboard */ = {
			isa = PBXVariantGroup;
			children = (
				5A8841C3280B4DAA00A8291B /* Base */,
			);
			name = LaunchScreen.storyboard;
			sourceTree = "<group>";
		};
/* End PBXVariantGroup section */

/* Begin XCBuildConfiguration section */
		5A8841C6280B4DAA00A8291B /* Debug */ = {
			isa = XCBuildConfiguration;
			buildSettings = {
				ALWAYS_SEARCH_USER_PATHS = NO;
				CLANG_ANALYZER_NONNULL = YES;
				CLANG_ANALYZER_NUMBER_OBJECT_CONVERSION = YES_AGGRESSIVE;
				CLANG_CXX_LANGUAGE_STANDARD = "gnu++17";
				CLANG_ENABLE_MODULES = YES;
				CLANG_ENABLE_OBJC_ARC = YES;
				CLANG_ENABLE_OBJC_WEAK = YES;
				CLANG_WARN_BLOCK_CAPTURE_AUTORELEASING = YES;
				CLANG_WARN_BOOL_CONVERSION = YES;
				CLANG_WARN_COMMA = YES;
				CLANG_WARN_CONSTANT_CONVERSION = YES;
				CLANG_WARN_DEPRECATED_OBJC_IMPLEMENTATIONS = YES;
				CLANG_WARN_DIRECT_OBJC_ISA_USAGE = YES_ERROR;
				CLANG_WARN_DOCUMENTATION_COMMENTS = YES;
				CLANG_WARN_EMPTY_BODY = YES;
				CLANG_WARN_ENUM_CONVERSION = YES;
				CLANG_WARN_INFINITE_RECURSION = YES;
				CLANG_WARN_INT_CONVERSION = YES;
				CLANG_WARN_NON_LITERAL_NULL_CONVERSION = YES;
				CLANG_WARN_OBJC_IMPLICIT_RETAIN_SELF = YES;
				CLANG_WARN_OBJC_LITERAL_CONVERSION = YES;
				CLANG_WARN_OBJC_ROOT_CLASS = YES_ERROR;
				CLANG_WARN_QUOTED_INCLUDE_IN_FRAMEWORK_HEADER = YES;
				CLANG_WARN_RANGE_LOOP_ANALYSIS = YES;
				CLANG_WARN_STRICT_PROTOTYPES = YES;
				CLANG_WARN_SUSPICIOUS_MOVE = YES;
				CLANG_WARN_UNGUARDED_AVAILABILITY = YES_AGGRESSIVE;
				CLANG_WARN_UNREACHABLE_CODE = YES;
				CLANG_WARN__DUPLICATE_METHOD_MATCH = YES;
				COPY_PHASE_STRIP = NO;
				DEBUG_INFORMATION_FORMAT = dwarf;
				ENABLE_STRICT_OBJC_MSGSEND = YES;
				ENABLE_TESTABILITY = YES;
				GCC_C_LANGUAGE_STANDARD = gnu11;
				GCC_DYNAMIC_NO_PIC = NO;
				GCC_NO_COMMON_BLOCKS = YES;
				GCC_OPTIMIZATION_LEVEL = 0;
				GCC_PREPROCESSOR_DEFINITIONS = (
					"DEBUG=1",
					"$(inherited)",
				);
				GCC_WARN_64_TO_32_BIT_CONVERSION = YES;
				GCC_WARN_ABOUT_RETURN_TYPE = YES_ERROR;
				GCC_WARN_UNDECLARED_SELECTOR = YES;
				GCC_WARN_UNINITIALIZED_AUTOS = YES_AGGRESSIVE;
				GCC_WARN_UNUSED_FUNCTION = YES;
				GCC_WARN_UNUSED_VARIABLE = YES;
				IPHONEOS_DEPLOYMENT_TARGET = 15.4;
				MTL_ENABLE_DEBUG_INFO = INCLUDE_SOURCE;
				MTL_FAST_MATH = YES;
				ONLY_ACTIVE_ARCH = YES;
				SDKROOT = iphoneos;
				SWIFT_ACTIVE_COMPILATION_CONDITIONS = DEBUG;
				SWIFT_OPTIMIZATION_LEVEL = "-Onone";
			};
			name = Debug;
		};
		5A8841C7280B4DAA00A8291B /* Release */ = {
			isa = XCBuildConfiguration;
			buildSettings = {
				ALWAYS_SEARCH_USER_PATHS = NO;
				CLANG_ANALYZER_NONNULL = YES;
				CLANG_ANALYZER_NUMBER_OBJECT_CONVERSION = YES_AGGRESSIVE;
				CLANG_CXX_LANGUAGE_STANDARD = "gnu++17";
				CLANG_ENABLE_MODULES = YES;
				CLANG_ENABLE_OBJC_ARC = YES;
				CLANG_ENABLE_OBJC_WEAK = YES;
				CLANG_WARN_BLOCK_CAPTURE_AUTORELEASING = YES;
				CLANG_WARN_BOOL_CONVERSION = YES;
				CLANG_WARN_COMMA = YES;
				CLANG_WARN_CONSTANT_CONVERSION = YES;
				CLANG_WARN_DEPRECATED_OBJC_IMPLEMENTATIONS = YES;
				CLANG_WARN_DIRECT_OBJC_ISA_USAGE = YES_ERROR;
				CLANG_WARN_DOCUMENTATION_COMMENTS = YES;
				CLANG_WARN_EMPTY_BODY = YES;
				CLANG_WARN_ENUM_CONVERSION = YES;
				CLANG_WARN_INFINITE_RECURSION = YES;
				CLANG_WARN_INT_CONVERSION = YES;
				CLANG_WARN_NON_LITERAL_NULL_CONVERSION = YES;
				CLANG_WARN_OBJC_IMPLICIT_RETAIN_SELF = YES;
				CLANG_WARN_OBJC_LITERAL_CONVERSION = YES;
				CLANG_WARN_OBJC_ROOT_CLASS = YES_ERROR;
				CLANG_WARN_QUOTED_INCLUDE_IN_FRAMEWORK_HEADER = YES;
				CLANG_WARN_RANGE_LOOP_ANALYSIS = YES;
				CLANG_WARN_STRICT_PROTOTYPES = YES;
				CLANG_WARN_SUSPICIOUS_MOVE = YES;
				CLANG_WARN_UNGUARDED_AVAILABILITY = YES_AGGRESSIVE;
				CLANG_WARN_UNREACHABLE_CODE = YES;
				CLANG_WARN__DUPLICATE_METHOD_MATCH = YES;
				COPY_PHASE_STRIP = NO;
				DEBUG_INFORMATION_FORMAT = "dwarf-with-dsym";
				ENABLE_NS_ASSERTIONS = NO;
				ENABLE_STRICT_OBJC_MSGSEND = YES;
				GCC_C_LANGUAGE_STANDARD = gnu11;
				GCC_NO_COMMON_BLOCKS = YES;
				GCC_WARN_64_TO_32_BIT_CONVERSION = YES;
				GCC_WARN_ABOUT_RETURN_TYPE = YES_ERROR;
				GCC_WARN_UNDECLARED_SELECTOR = YES;
				GCC_WARN_UNINITIALIZED_AUTOS = YES_AGGRESSIVE;
				GCC_WARN_UNUSED_FUNCTION = YES;
				GCC_WARN_UNUSED_VARIABLE = YES;
				IPHONEOS_DEPLOYMENT_TARGET = 15.4;
				MTL_ENABLE_DEBUG_INFO = NO;
				MTL_FAST_MATH = YES;
				SDKROOT = iphoneos;
				SWIFT_COMPILATION_MODE = wholemodule;
				SWIFT_OPTIMIZATION_LEVEL = "-O";
				VALIDATE_PRODUCT = YES;
			};
			name = Release;
		};
		5A8841C9280B4DAA00A8291B /* Debug */ = {
			isa = XCBuildConfiguration;
			buildSettings = {
				ASSETCATALOG_COMPILER_APPICON_NAME = AppIcon;
				ASSETCATALOG_COMPILER_GLOBAL_ACCENT_COLOR_NAME = AccentColor;
				CODE_SIGN_STYLE = Automatic;
				CURRENT_PROJECT_VERSION = 1;
				DEVELOPMENT_TEAM = 534C989ZLQ;
				GENERATE_INFOPLIST_FILE = YES;
				INFOPLIST_FILE = WhiteNoise/Info.plist;
				INFOPLIST_KEY_UIApplicationSupportsIndirectInputEvents = YES;
				INFOPLIST_KEY_UILaunchStoryboardName = LaunchScreen;
				INFOPLIST_KEY_UIMainStoryboardFile = LaunchScreen;
				INFOPLIST_KEY_UISupportedInterfaceOrientations_iPad = "UIInterfaceOrientationPortrait UIInterfaceOrientationPortraitUpsideDown UIInterfaceOrientationLandscapeLeft UIInterfaceOrientationLandscapeRight";
				INFOPLIST_KEY_UISupportedInterfaceOrientations_iPhone = "UIInterfaceOrientationPortrait UIInterfaceOrientationLandscapeLeft UIInterfaceOrientationLandscapeRight";
				LD_RUNPATH_SEARCH_PATHS = (
					"$(inherited)",
					"@executable_path/Frameworks",
				);
				MARKETING_VERSION = 1.0;
				PRODUCT_BUNDLE_IDENTIFIER = kotleni.WhiteNoise;
				PRODUCT_NAME = "$(TARGET_NAME)";
				SWIFT_EMIT_LOC_STRINGS = YES;
				SWIFT_VERSION = 5.0;
				TARGETED_DEVICE_FAMILY = "1,2";
			};
			name = Debug;
		};
		5A8841CA280B4DAA00A8291B /* Release */ = {
			isa = XCBuildConfiguration;
			buildSettings = {
				ASSETCATALOG_COMPILER_APPICON_NAME = AppIcon;
				ASSETCATALOG_COMPILER_GLOBAL_ACCENT_COLOR_NAME = AccentColor;
				CODE_SIGN_STYLE = Automatic;
				CURRENT_PROJECT_VERSION = 1;
				DEVELOPMENT_TEAM = 534C989ZLQ;
				GENERATE_INFOPLIST_FILE = YES;
				INFOPLIST_FILE = WhiteNoise/Info.plist;
				INFOPLIST_KEY_UIApplicationSupportsIndirectInputEvents = YES;
				INFOPLIST_KEY_UILaunchStoryboardName = LaunchScreen;
				INFOPLIST_KEY_UIMainStoryboardFile = LaunchScreen;
				INFOPLIST_KEY_UISupportedInterfaceOrientations_iPad = "UIInterfaceOrientationPortrait UIInterfaceOrientationPortraitUpsideDown UIInterfaceOrientationLandscapeLeft UIInterfaceOrientationLandscapeRight";
				INFOPLIST_KEY_UISupportedInterfaceOrientations_iPhone = "UIInterfaceOrientationPortrait UIInterfaceOrientationLandscapeLeft UIInterfaceOrientationLandscapeRight";
				LD_RUNPATH_SEARCH_PATHS = (
					"$(inherited)",
					"@executable_path/Frameworks",
				);
				MARKETING_VERSION = 1.0;
				PRODUCT_BUNDLE_IDENTIFIER = kotleni.WhiteNoise;
				PRODUCT_NAME = "$(TARGET_NAME)";
				SWIFT_EMIT_LOC_STRINGS = YES;
				SWIFT_VERSION = 5.0;
				TARGETED_DEVICE_FAMILY = "1,2";
			};
			name = Release;
		};
/* End XCBuildConfiguration section */

/* Begin XCConfigurationList section */
		5A8841AF280B4DA800A8291B /* Build configuration list for PBXProject "WhiteNoise" */ = {
			isa = XCConfigurationList;
			buildConfigurations = (
				5A8841C6280B4DAA00A8291B /* Debug */,
				5A8841C7280B4DAA00A8291B /* Release */,
			);
			defaultConfigurationIsVisible = 0;
			defaultConfigurationName = Release;
		};
		5A8841C8280B4DAA00A8291B /* Build configuration list for PBXNativeTarget "WhiteNoise" */ = {
			isa = XCConfigurationList;
			buildConfigurations = (
				5A8841C9280B4DAA00A8291B /* Debug */,
				5A8841CA280B4DAA00A8291B /* Release */,
			);
			defaultConfigurationIsVisible = 0;
			defaultConfigurationName = Release;
		};
/* End XCConfigurationList section */
	};
	rootObject = 5A8841AC280B4DA800A8291B /* Project object */;
}
