// !$*UTF8*$!
{
	archiveVersion = 1;
	classes = {
	};
	objectVersion = 55;
	objects = {

/* Begin PBXBuildFile section */
		5A13588D280E8D0800DE431D /* PaywallView.swift in Sources */ = {isa = PBXBuildFile; fileRef = 5A13588C280E8D0800DE431D /* PaywallView.swift */; };
		5A13588F280E8D1400DE431D /* PaywallViewController.swift in Sources */ = {isa = PBXBuildFile; fileRef = 5A13588E280E8D1400DE431D /* PaywallViewController.swift */; };
		5A62AAEA2811776A003667D2 /* SettingsViewController.swift in Sources */ = {isa = PBXBuildFile; fileRef = 5A62AAE92811776A003667D2 /* SettingsViewController.swift */; };
		5A62AAEC281177A0003667D2 /* SettingsView.swift in Sources */ = {isa = PBXBuildFile; fileRef = 5A62AAEB281177A0003667D2 /* SettingsView.swift */; };
		5A62AAEF28118CF8003667D2 /* SettingsFrameView.swift in Sources */ = {isa = PBXBuildFile; fileRef = 5A62AAEE28118CF8003667D2 /* SettingsFrameView.swift */; };
		5A62AAF12811A8C6003667D2 /* SettingsFrameBackgroundView.swift in Sources */ = {isa = PBXBuildFile; fileRef = 5A62AAF02811A8C6003667D2 /* SettingsFrameBackgroundView.swift */; };
		5A8841B8280B4DA800A8291B /* AppDelegate.swift in Sources */ = {isa = PBXBuildFile; fileRef = 5A8841B7280B4DA800A8291B /* AppDelegate.swift */; };
		5A8841BA280B4DA800A8291B /* SceneDelegate.swift in Sources */ = {isa = PBXBuildFile; fileRef = 5A8841B9280B4DA800A8291B /* SceneDelegate.swift */; };
		5A8841BC280B4DA800A8291B /* PlansleepViewController.swift in Sources */ = {isa = PBXBuildFile; fileRef = 5A8841BB280B4DA800A8291B /* PlansleepViewController.swift */; };
		5A8841C1280B4DAA00A8291B /* Assets.xcassets in Resources */ = {isa = PBXBuildFile; fileRef = 5A8841C0280B4DAA00A8291B /* Assets.xcassets */; };
		5A8841C4280B4DAA00A8291B /* LaunchScreen.storyboard in Resources */ = {isa = PBXBuildFile; fileRef = 5A8841C2280B4DAA00A8291B /* LaunchScreen.storyboard */; };
		5A8841CC280B5EA300A8291B /* PlansleepView.swift in Sources */ = {isa = PBXBuildFile; fileRef = 5A8841CB280B5EA300A8291B /* PlansleepView.swift */; };
		5A8FB7AE280BDA9400D44CA6 /* MyNavigationController.swift in Sources */ = {isa = PBXBuildFile; fileRef = 5A8FB7AD280BDA9400D44CA6 /* MyNavigationController.swift */; };
		5A8FB7B7280BDE6B00D44CA6 /* Nunito-Light.ttf in Resources */ = {isa = PBXBuildFile; fileRef = 5A8FB7B2280BDE5400D44CA6 /* Nunito-Light.ttf */; };
		5A8FB7B8280BDF5200D44CA6 /* Nunito-Bold.ttf in Resources */ = {isa = PBXBuildFile; fileRef = 5A8FB7B4280BDE5400D44CA6 /* Nunito-Bold.ttf */; };
		5A8FB7B9280BDF5400D44CA6 /* Nunito-Italic.ttf in Resources */ = {isa = PBXBuildFile; fileRef = 5A8FB7B3280BDE5400D44CA6 /* Nunito-Italic.ttf */; };
		5A8FB7BA280BDF5A00D44CA6 /* Nunito-Medium.ttf in Resources */ = {isa = PBXBuildFile; fileRef = 5A8FB7B6280BDE5400D44CA6 /* Nunito-Medium.ttf */; };
		5A8FB7BB280BDF5D00D44CA6 /* Nunito-Regular.ttf in Resources */ = {isa = PBXBuildFile; fileRef = 5A8FB7B5280BDE5400D44CA6 /* Nunito-Regular.ttf */; };
		5A8FB7BD280C1D3D00D44CA6 /* StorageManager.swift in Sources */ = {isa = PBXBuildFile; fileRef = 5A8FB7BC280C1D3D00D44CA6 /* StorageManager.swift */; };
		5A8FB7BF280C216D00D44CA6 /* Time.swift in Sources */ = {isa = PBXBuildFile; fileRef = 5A8FB7BE280C216D00D44CA6 /* Time.swift */; };
		5A8FB7C7280C460E00D44CA6 /* UIPageIndicatorView.swift in Sources */ = {isa = PBXBuildFile; fileRef = 5A8FB7C6280C460E00D44CA6 /* UIPageIndicatorView.swift */; };
		5A8FB7C9280C550600D44CA6 /* UICircle.swift in Sources */ = {isa = PBXBuildFile; fileRef = 5A8FB7C8280C550600D44CA6 /* UICircle.swift */; };
		5A8FB7CD280C70C300D44CA6 /* MixView.swift in Sources */ = {isa = PBXBuildFile; fileRef = 5A8FB7CC280C70C300D44CA6 /* MixView.swift */; };
		5A8FB7CF280C70E300D44CA6 /* MixViewController.swift in Sources */ = {isa = PBXBuildFile; fileRef = 5A8FB7CE280C70E300D44CA6 /* MixViewController.swift */; };
		5A945F34280DCFCF001AA3C4 /* PrivacyView.swift in Sources */ = {isa = PBXBuildFile; fileRef = 5A945F33280DCFCF001AA3C4 /* PrivacyView.swift */; };
		5A945F36280DCFF4001AA3C4 /* PrivacyViewController.swift in Sources */ = {isa = PBXBuildFile; fileRef = 5A945F35280DCFF4001AA3C4 /* PrivacyViewController.swift */; };
		5AAB52CB281355F7003C53E3 /* UIView.swift in Sources */ = {isa = PBXBuildFile; fileRef = 5AAB52CA281355F7003C53E3 /* UIView.swift */; };
		5AAB52D328135795003C53E3 /* SoundCollectionViewCell.swift in Sources */ = {isa = PBXBuildFile; fileRef = 5AAB52CE28135795003C53E3 /* SoundCollectionViewCell.swift */; };
		5AAB52D428135795003C53E3 /* FilterTagCollectionViewCell.swift in Sources */ = {isa = PBXBuildFile; fileRef = 5AAB52CF28135795003C53E3 /* FilterTagCollectionViewCell.swift */; };
		5AAB52D528135795003C53E3 /* CustomSegmentedControl.swift in Sources */ = {isa = PBXBuildFile; fileRef = 5AAB52D028135795003C53E3 /* CustomSegmentedControl.swift */; };
		5AAB52D628135795003C53E3 /* CustomTabBar.swift in Sources */ = {isa = PBXBuildFile; fileRef = 5AAB52D128135795003C53E3 /* CustomTabBar.swift */; };
		5AAB52DA281357B7003C53E3 /* FilterTag.swift in Sources */ = {isa = PBXBuildFile; fileRef = 5AAB52D8281357B7003C53E3 /* FilterTag.swift */; };
		5AAB52DB281357B7003C53E3 /* Sound.swift in Sources */ = {isa = PBXBuildFile; fileRef = 5AAB52D9281357B7003C53E3 /* Sound.swift */; };
		5AAB52DD28135879003C53E3 /* NameOfClass.swift in Sources */ = {isa = PBXBuildFile; fileRef = 5AAB52DC28135879003C53E3 /* NameOfClass.swift */; };
		5AAB52DF2813D366003C53E3 /* UIColor.swift in Sources */ = {isa = PBXBuildFile; fileRef = 5AAB52DE2813D366003C53E3 /* UIColor.swift */; };
		5AAB52E32813EC3C003C53E3 /* CustomUIView.swift in Sources */ = {isa = PBXBuildFile; fileRef = 5AAB52E22813EC3C003C53E3 /* CustomUIView.swift */; };
		5AAB52E52813EC8C003C53E3 /* CustomUIViewController.swift in Sources */ = {isa = PBXBuildFile; fileRef = 5AAB52E42813EC8C003C53E3 /* CustomUIViewController.swift */; };
		5AB9A8B0280D82E9009895BC /* HapticManager.swift in Sources */ = {isa = PBXBuildFile; fileRef = 5AB9A8AF280D82E9009895BC /* HapticManager.swift */; };
		5AE64C9728130650007F5CED /* SettingItemCell.swift in Sources */ = {isa = PBXBuildFile; fileRef = 5AE64C9628130650007F5CED /* SettingItemCell.swift */; };
		F90166C02882EDEF005E8BDD /* EnumTypes.swift in Sources */ = {isa = PBXBuildFile; fileRef = F90166BF2882EDEF005E8BDD /* EnumTypes.swift */; };
		F90C8260285DD75800E61761 /* SavedMixesView.swift in Sources */ = {isa = PBXBuildFile; fileRef = F90C825F285DD75800E61761 /* SavedMixesView.swift */; };
		F90C8263285DDCD200E61761 /* SavedMixTableViewCell.swift in Sources */ = {isa = PBXBuildFile; fileRef = F90C8262285DDCD200E61761 /* SavedMixTableViewCell.swift */; };
		F90C8265285E306600E61761 /* MixBar.swift in Sources */ = {isa = PBXBuildFile; fileRef = F90C8264285E306600E61761 /* MixBar.swift */; };
		F91327B92857C427006D0EF6 /* DatabaseManager.swift in Sources */ = {isa = PBXBuildFile; fileRef = F91327B82857C427006D0EF6 /* DatabaseManager.swift */; };
		F91327BC2857C44E006D0EF6 /* MixDataModel.xcdatamodeld in Sources */ = {isa = PBXBuildFile; fileRef = F91327BA2857C44E006D0EF6 /* MixDataModel.xcdatamodeld */; };
		F91EF2DA284A85BC00CE84DC /* AdvancedTextField.swift in Sources */ = {isa = PBXBuildFile; fileRef = F91EF2D9284A85BC00CE84DC /* AdvancedTextField.swift */; };
		F91EF2DC284BD14000CE84DC /* UIViewController.swift in Sources */ = {isa = PBXBuildFile; fileRef = F91EF2DB284BD14000CE84DC /* UIViewController.swift */; };
		F928288C281F00E9003CDCDD /* ImageBackgroundView.swift in Sources */ = {isa = PBXBuildFile; fileRef = F928288B281F00E9003CDCDD /* ImageBackgroundView.swift */; };
		F932A20A28590D5200AE0C48 /* SoundModel+CoreDataClass.swift in Sources */ = {isa = PBXBuildFile; fileRef = F932A20628590D5200AE0C48 /* SoundModel+CoreDataClass.swift */; };
		F932A20B28590D5200AE0C48 /* SoundModel+CoreDataProperties.swift in Sources */ = {isa = PBXBuildFile; fileRef = F932A20728590D5200AE0C48 /* SoundModel+CoreDataProperties.swift */; };
		F932A20C28590D5200AE0C48 /* MixModel+CoreDataClass.swift in Sources */ = {isa = PBXBuildFile; fileRef = F932A20828590D5200AE0C48 /* MixModel+CoreDataClass.swift */; };
		F932A20F285A6BCD00AE0C48 /* MixModel+CoreDataProperties.swift in Sources */ = {isa = PBXBuildFile; fileRef = F932A20E285A6BCD00AE0C48 /* MixModel+CoreDataProperties.swift */; };
		F95D5D652880A0DF0013BC92 /* NotificationManager.swift in Sources */ = {isa = PBXBuildFile; fileRef = F95D5D642880A0DF0013BC92 /* NotificationManager.swift */; };
		F9688C0C28412ADF005542B0 /* YourMixView.swift in Sources */ = {isa = PBXBuildFile; fileRef = F9688C0B28412ADF005542B0 /* YourMixView.swift */; };
		F9688C0E28412AED005542B0 /* YourMixViewController.swift in Sources */ = {isa = PBXBuildFile; fileRef = F9688C0D28412AED005542B0 /* YourMixViewController.swift */; };
		F9881BA228820DC500395F03 /* MixerSettingsView.swift in Sources */ = {isa = PBXBuildFile; fileRef = F9881BA128820DC500395F03 /* MixerSettingsView.swift */; };
		F9881BA528820DF000395F03 /* MixerSettingsViewController.swift in Sources */ = {isa = PBXBuildFile; fileRef = F9881BA428820DF000395F03 /* MixerSettingsViewController.swift */; };
		F9D780CD28761B6F00C34548 /* TimerView.swift in Sources */ = {isa = PBXBuildFile; fileRef = F9D780CC28761B6F00C34548 /* TimerView.swift */; };
		F9D780D028761BA100C34548 /* TimerViewController.swift in Sources */ = {isa = PBXBuildFile; fileRef = F9D780CF28761BA100C34548 /* TimerViewController.swift */; };
		F9DA4F7E284155C8008F703D /* YourMixTableViewCell.swift in Sources */ = {isa = PBXBuildFile; fileRef = F9DA4F7D284155C8008F703D /* YourMixTableViewCell.swift */; };
		F9DA4F80284229C2008F703D /* BottomMenu.swift in Sources */ = {isa = PBXBuildFile; fileRef = F9DA4F7F284229C2008F703D /* BottomMenu.swift */; };
		F9DA4F8428436BF6008F703D /* VerticalButton.swift in Sources */ = {isa = PBXBuildFile; fileRef = F9DA4F8328436BF6008F703D /* VerticalButton.swift */; };
		F9DA4F8628469DA0008F703D /* MixManager.swift in Sources */ = {isa = PBXBuildFile; fileRef = F9DA4F8528469DA0008F703D /* MixManager.swift */; };
		F9DA4F8928493CB8008F703D /* AdvancedAlertViewController.swift in Sources */ = {isa = PBXBuildFile; fileRef = F9DA4F8828493CB8008F703D /* AdvancedAlertViewController.swift */; };
		F9DA4F8B28493CD4008F703D /* AdvancedAlertView.swift in Sources */ = {isa = PBXBuildFile; fileRef = F9DA4F8A28493CD4008F703D /* AdvancedAlertView.swift */; };
		F9DA4F8D284964DA008F703D /* CustomVisualEffect.swift in Sources */ = {isa = PBXBuildFile; fileRef = F9DA4F8C284964DA008F703D /* CustomVisualEffect.swift */; };
		F9DC15F72814679700B1EE9B /* UIImage.swift in Sources */ = {isa = PBXBuildFile; fileRef = F9DC15F62814679700B1EE9B /* UIImage.swift */; };
		F9EBBA1F288B1D6D00D2087C /* WelcomeViewController.swift in Sources */ = {isa = PBXBuildFile; fileRef = F9EBBA1E288B1D6D00D2087C /* WelcomeViewController.swift */; };
		F9EBBA22288B2B8500D2087C /* Nunito-Semibold.ttf in Resources */ = {isa = PBXBuildFile; fileRef = F9EBBA21288B2B6400D2087C /* Nunito-Semibold.ttf */; };
		F9EBBA24288B365700D2087C /* OnboardingViewController.swift in Sources */ = {isa = PBXBuildFile; fileRef = F9EBBA23288B365700D2087C /* OnboardingViewController.swift */; };
		F9EBBA26288BFB3300D2087C /* FirstPage.swift in Sources */ = {isa = PBXBuildFile; fileRef = F9EBBA25288BFB3300D2087C /* FirstPage.swift */; };
		F9EBBA28288BFB5100D2087C /* SecondPage.swift in Sources */ = {isa = PBXBuildFile; fileRef = F9EBBA27288BFB5100D2087C /* SecondPage.swift */; };
		F9EBBA2A288BFB6B00D2087C /* ThirdPage.swift in Sources */ = {isa = PBXBuildFile; fileRef = F9EBBA29288BFB6B00D2087C /* ThirdPage.swift */; };
		F9EBBA2C288BFB8200D2087C /* ReviewsPage.swift in Sources */ = {isa = PBXBuildFile; fileRef = F9EBBA2B288BFB8200D2087C /* ReviewsPage.swift */; };
		F9EBBA2F288C7DAC00D2087C /* ReviewView.swift in Sources */ = {isa = PBXBuildFile; fileRef = F9EBBA2E288C7DAC00D2087C /* ReviewView.swift */; };
		F9EBBA32288C8C2A00D2087C /* Review.swift in Sources */ = {isa = PBXBuildFile; fileRef = F9EBBA31288C8C2A00D2087C /* Review.swift */; };
		F9EBBA34288D4F5D00D2087C /* UIDevice.swift in Sources */ = {isa = PBXBuildFile; fileRef = F9EBBA33288D4F5D00D2087C /* UIDevice.swift */; };
		F9EEF53C28526CCB00ED109F /* music.wav in Resources */ = {isa = PBXBuildFile; fileRef = F9EEF51428526CCB00ED109F /* music.wav */; };
		F9EEF53D28526CCB00ED109F /* shower.wav in Resources */ = {isa = PBXBuildFile; fileRef = F9EEF51528526CCB00ED109F /* shower.wav */; };
		F9EEF53E28526CCB00ED109F /* whitenoise.wav in Resources */ = {isa = PBXBuildFile; fileRef = F9EEF51628526CCB00ED109F /* whitenoise.wav */; };
		F9EEF53F28526CCB00ED109F /* ventilator2.wav in Resources */ = {isa = PBXBuildFile; fileRef = F9EEF51728526CCB00ED109F /* ventilator2.wav */; };
		F9EEF54028526CCB00ED109F /* wind.wav in Resources */ = {isa = PBXBuildFile; fileRef = F9EEF51828526CCB00ED109F /* wind.wav */; };
		F9EEF54128526CCB00ED109F /* mother.wav in Resources */ = {isa = PBXBuildFile; fileRef = F9EEF51928526CCB00ED109F /* mother.wav */; };
		F9EEF54228526CCB00ED109F /* dryer.wav in Resources */ = {isa = PBXBuildFile; fileRef = F9EEF51A28526CCB00ED109F /* dryer.wav */; };
		F9EEF54328526CCB00ED109F /* creek.wav in Resources */ = {isa = PBXBuildFile; fileRef = F9EEF51B28526CCB00ED109F /* creek.wav */; };
		F9EEF54428526CCB00ED109F /* fireplace.wav in Resources */ = {isa = PBXBuildFile; fileRef = F9EEF51C28526CCB00ED109F /* fireplace.wav */; };
		F9EEF54528526CCB00ED109F /* train.wav in Resources */ = {isa = PBXBuildFile; fileRef = F9EEF51D28526CCB00ED109F /* train.wav */; };
		F9EEF54628526CCB00ED109F /* music2.wav in Resources */ = {isa = PBXBuildFile; fileRef = F9EEF51E28526CCB00ED109F /* music2.wav */; };
		F9EEF54728526CCB00ED109F /* rainonpuddle.wav in Resources */ = {isa = PBXBuildFile; fileRef = F9EEF51F28526CCB00ED109F /* rainonpuddle.wav */; };
		F9EEF54828526CCB00ED109F /* brownnoise.wav in Resources */ = {isa = PBXBuildFile; fileRef = F9EEF52028526CCB00ED109F /* brownnoise.wav */; };
		F9EEF54928526CCB00ED109F /* music3.wav in Resources */ = {isa = PBXBuildFile; fileRef = F9EEF52128526CCB00ED109F /* music3.wav */; };
		F9EEF54A28526CCB00ED109F /* bluenoise.wav in Resources */ = {isa = PBXBuildFile; fileRef = F9EEF52228526CCB00ED109F /* bluenoise.wav */; };
		F9EEF54B28526CCB00ED109F /* music4.wav in Resources */ = {isa = PBXBuildFile; fileRef = F9EEF52328526CCB00ED109F /* music4.wav */; };
		F9EEF54C28526CCB00ED109F /* ventilator.wav in Resources */ = {isa = PBXBuildFile; fileRef = F9EEF52428526CCB00ED109F /* ventilator.wav */; };
		F9EEF54D28526CCB00ED109F /* thunder.wav in Resources */ = {isa = PBXBuildFile; fileRef = F9EEF52528526CCB00ED109F /* thunder.wav */; };
		F9EEF54E28526CCB00ED109F /* river.wav in Resources */ = {isa = PBXBuildFile; fileRef = F9EEF52628526CCB00ED109F /* river.wav */; };
		F9EEF54F28526CCB00ED109F /* ocean.wav in Resources */ = {isa = PBXBuildFile; fileRef = F9EEF52728526CCB00ED109F /* ocean.wav */; };
		F9EEF55028526CCB00ED109F /* doppler.wav in Resources */ = {isa = PBXBuildFile; fileRef = F9EEF52828526CCB00ED109F /* doppler.wav */; };
		F9EEF55128526CCB00ED109F /* cleaner2.wav in Resources */ = {isa = PBXBuildFile; fileRef = F9EEF52928526CCB00ED109F /* cleaner2.wav */; };
		F9EEF55228526CCB00ED109F /* aircraft.wav in Resources */ = {isa = PBXBuildFile; fileRef = F9EEF52A28526CCB00ED109F /* aircraft.wav */; };
		F9EEF55328526CCB00ED109F /* wash.wav in Resources */ = {isa = PBXBuildFile; fileRef = F9EEF52B28526CCB00ED109F /* wash.wav */; };
		F9EEF55428526CCB00ED109F /* rain.wav in Resources */ = {isa = PBXBuildFile; fileRef = F9EEF52C28526CCB00ED109F /* rain.wav */; };
		F9EEF55528526CCB00ED109F /* mother2.wav in Resources */ = {isa = PBXBuildFile; fileRef = F9EEF52D28526CCB00ED109F /* mother2.wav */; };
		F9EEF55628526CCB00ED109F /* forestriverslow.wav in Resources */ = {isa = PBXBuildFile; fileRef = F9EEF52E28526CCB00ED109F /* forestriverslow.wav */; };
		F9EEF55728526CCB00ED109F /* cleaner.wav in Resources */ = {isa = PBXBuildFile; fileRef = F9EEF52F28526CCB00ED109F /* cleaner.wav */; };
		F9EEF55828526CCB00ED109F /* forestriver.wav in Resources */ = {isa = PBXBuildFile; fileRef = F9EEF53028526CCB00ED109F /* forestriver.wav */; };
		F9EEF55928526CCB00ED109F /* waterfall.wav in Resources */ = {isa = PBXBuildFile; fileRef = F9EEF53128526CCB00ED109F /* waterfall.wav */; };
		F9EEF55A28526CCB00ED109F /* sea.wav in Resources */ = {isa = PBXBuildFile; fileRef = F9EEF53228526CCB00ED109F /* sea.wav */; };
		F9EEF55B28526CCB00ED109F /* cat.wav in Resources */ = {isa = PBXBuildFile; fileRef = F9EEF53328526CCB00ED109F /* cat.wav */; };
		F9EEF55C28526CCB00ED109F /* kettle.wav in Resources */ = {isa = PBXBuildFile; fileRef = F9EEF53428526CCB00ED109F /* kettle.wav */; };
		F9EEF55D28526CCB00ED109F /* heart.wav in Resources */ = {isa = PBXBuildFile; fileRef = F9EEF53528526CCB00ED109F /* heart.wav */; };
		F9EEF55E28526CCB00ED109F /* heavyrain.wav in Resources */ = {isa = PBXBuildFile; fileRef = F9EEF53628526CCB00ED109F /* heavyrain.wav */; };
		F9EEF55F28526CCB00ED109F /* lake.wav in Resources */ = {isa = PBXBuildFile; fileRef = F9EEF53728526CCB00ED109F /* lake.wav */; };
		F9EEF56028526CCB00ED109F /* car.wav in Resources */ = {isa = PBXBuildFile; fileRef = F9EEF53828526CCB00ED109F /* car.wav */; };
		F9EEF56128526CCB00ED109F /* pinknoise.wav in Resources */ = {isa = PBXBuildFile; fileRef = F9EEF53928526CCB00ED109F /* pinknoise.wav */; };
		F9EEF56228526CCB00ED109F /* rainonleaves.wav in Resources */ = {isa = PBXBuildFile; fileRef = F9EEF53A28526CCB00ED109F /* rainonleaves.wav */; };
		F9EEF56328526CCB00ED109F /* conditioner.wav in Resources */ = {isa = PBXBuildFile; fileRef = F9EEF53B28526CCB00ED109F /* conditioner.wav */; };
		F9EEF5652852737C00ED109F /* AudioManager.swift in Sources */ = {isa = PBXBuildFile; fileRef = F9EEF5642852737C00ED109F /* AudioManager.swift */; };
/* End PBXBuildFile section */

/* Begin PBXFileReference section */
		5A13588C280E8D0800DE431D /* PaywallView.swift */ = {isa = PBXFileReference; lastKnownFileType = sourcecode.swift; path = PaywallView.swift; sourceTree = "<group>"; };
		5A13588E280E8D1400DE431D /* PaywallViewController.swift */ = {isa = PBXFileReference; lastKnownFileType = sourcecode.swift; path = PaywallViewController.swift; sourceTree = "<group>"; };
		5A62AAE92811776A003667D2 /* SettingsViewController.swift */ = {isa = PBXFileReference; lastKnownFileType = sourcecode.swift; path = SettingsViewController.swift; sourceTree = "<group>"; };
		5A62AAEB281177A0003667D2 /* SettingsView.swift */ = {isa = PBXFileReference; lastKnownFileType = sourcecode.swift; path = SettingsView.swift; sourceTree = "<group>"; wrapsLines = 1; };
		5A62AAEE28118CF8003667D2 /* SettingsFrameView.swift */ = {isa = PBXFileReference; lastKnownFileType = sourcecode.swift; path = SettingsFrameView.swift; sourceTree = "<group>"; };
		5A62AAF02811A8C6003667D2 /* SettingsFrameBackgroundView.swift */ = {isa = PBXFileReference; lastKnownFileType = sourcecode.swift; path = SettingsFrameBackgroundView.swift; sourceTree = "<group>"; };
		5A8841B4280B4DA800A8291B /* WhiteNoise.app */ = {isa = PBXFileReference; explicitFileType = wrapper.application; includeInIndex = 0; path = WhiteNoise.app; sourceTree = BUILT_PRODUCTS_DIR; };
		5A8841B7280B4DA800A8291B /* AppDelegate.swift */ = {isa = PBXFileReference; lastKnownFileType = sourcecode.swift; path = AppDelegate.swift; sourceTree = "<group>"; };
		5A8841B9280B4DA800A8291B /* SceneDelegate.swift */ = {isa = PBXFileReference; lastKnownFileType = sourcecode.swift; path = SceneDelegate.swift; sourceTree = "<group>"; };
		5A8841BB280B4DA800A8291B /* PlansleepViewController.swift */ = {isa = PBXFileReference; lastKnownFileType = sourcecode.swift; path = PlansleepViewController.swift; sourceTree = "<group>"; };
		5A8841C0280B4DAA00A8291B /* Assets.xcassets */ = {isa = PBXFileReference; lastKnownFileType = folder.assetcatalog; path = Assets.xcassets; sourceTree = "<group>"; };
		5A8841C3280B4DAA00A8291B /* Base */ = {isa = PBXFileReference; lastKnownFileType = file.storyboard; name = Base; path = Base.lproj/LaunchScreen.storyboard; sourceTree = "<group>"; };
		5A8841C5280B4DAA00A8291B /* Info.plist */ = {isa = PBXFileReference; lastKnownFileType = text.plist.xml; path = Info.plist; sourceTree = "<group>"; };
		5A8841CB280B5EA300A8291B /* PlansleepView.swift */ = {isa = PBXFileReference; lastKnownFileType = sourcecode.swift; path = PlansleepView.swift; sourceTree = "<group>"; };
		5A8FB7AD280BDA9400D44CA6 /* MyNavigationController.swift */ = {isa = PBXFileReference; lastKnownFileType = sourcecode.swift; path = MyNavigationController.swift; sourceTree = "<group>"; };
		5A8FB7B2280BDE5400D44CA6 /* Nunito-Light.ttf */ = {isa = PBXFileReference; lastKnownFileType = file; path = "Nunito-Light.ttf"; sourceTree = "<group>"; };
		5A8FB7B3280BDE5400D44CA6 /* Nunito-Italic.ttf */ = {isa = PBXFileReference; lastKnownFileType = file; path = "Nunito-Italic.ttf"; sourceTree = "<group>"; };
		5A8FB7B4280BDE5400D44CA6 /* Nunito-Bold.ttf */ = {isa = PBXFileReference; lastKnownFileType = file; path = "Nunito-Bold.ttf"; sourceTree = "<group>"; };
		5A8FB7B5280BDE5400D44CA6 /* Nunito-Regular.ttf */ = {isa = PBXFileReference; lastKnownFileType = file; path = "Nunito-Regular.ttf"; sourceTree = "<group>"; };
		5A8FB7B6280BDE5400D44CA6 /* Nunito-Medium.ttf */ = {isa = PBXFileReference; lastKnownFileType = file; path = "Nunito-Medium.ttf"; sourceTree = "<group>"; };
		5A8FB7BC280C1D3D00D44CA6 /* StorageManager.swift */ = {isa = PBXFileReference; lastKnownFileType = sourcecode.swift; path = StorageManager.swift; sourceTree = "<group>"; };
		5A8FB7BE280C216D00D44CA6 /* Time.swift */ = {isa = PBXFileReference; lastKnownFileType = sourcecode.swift; path = Time.swift; sourceTree = "<group>"; };
		5A8FB7C6280C460E00D44CA6 /* UIPageIndicatorView.swift */ = {isa = PBXFileReference; lastKnownFileType = sourcecode.swift; path = UIPageIndicatorView.swift; sourceTree = "<group>"; };
		5A8FB7C8280C550600D44CA6 /* UICircle.swift */ = {isa = PBXFileReference; lastKnownFileType = sourcecode.swift; path = UICircle.swift; sourceTree = "<group>"; };
		5A8FB7CC280C70C300D44CA6 /* MixView.swift */ = {isa = PBXFileReference; lastKnownFileType = sourcecode.swift; path = MixView.swift; sourceTree = "<group>"; };
		5A8FB7CE280C70E300D44CA6 /* MixViewController.swift */ = {isa = PBXFileReference; lastKnownFileType = sourcecode.swift; path = MixViewController.swift; sourceTree = "<group>"; };
		5A945F33280DCFCF001AA3C4 /* PrivacyView.swift */ = {isa = PBXFileReference; lastKnownFileType = sourcecode.swift; path = PrivacyView.swift; sourceTree = "<group>"; };
		5A945F35280DCFF4001AA3C4 /* PrivacyViewController.swift */ = {isa = PBXFileReference; lastKnownFileType = sourcecode.swift; path = PrivacyViewController.swift; sourceTree = "<group>"; };
		5AAB52CA281355F7003C53E3 /* UIView.swift */ = {isa = PBXFileReference; lastKnownFileType = sourcecode.swift; path = UIView.swift; sourceTree = "<group>"; };
		5AAB52CE28135795003C53E3 /* SoundCollectionViewCell.swift */ = {isa = PBXFileReference; fileEncoding = 4; lastKnownFileType = sourcecode.swift; path = SoundCollectionViewCell.swift; sourceTree = "<group>"; };
		5AAB52CF28135795003C53E3 /* FilterTagCollectionViewCell.swift */ = {isa = PBXFileReference; fileEncoding = 4; lastKnownFileType = sourcecode.swift; path = FilterTagCollectionViewCell.swift; sourceTree = "<group>"; };
		5AAB52D028135795003C53E3 /* CustomSegmentedControl.swift */ = {isa = PBXFileReference; fileEncoding = 4; lastKnownFileType = sourcecode.swift; path = CustomSegmentedControl.swift; sourceTree = "<group>"; };
		5AAB52D128135795003C53E3 /* CustomTabBar.swift */ = {isa = PBXFileReference; fileEncoding = 4; lastKnownFileType = sourcecode.swift; path = CustomTabBar.swift; sourceTree = "<group>"; };
		5AAB52D8281357B7003C53E3 /* FilterTag.swift */ = {isa = PBXFileReference; fileEncoding = 4; lastKnownFileType = sourcecode.swift; path = FilterTag.swift; sourceTree = "<group>"; };
		5AAB52D9281357B7003C53E3 /* Sound.swift */ = {isa = PBXFileReference; fileEncoding = 4; lastKnownFileType = sourcecode.swift; path = Sound.swift; sourceTree = "<group>"; };
		5AAB52DC28135879003C53E3 /* NameOfClass.swift */ = {isa = PBXFileReference; fileEncoding = 4; lastKnownFileType = sourcecode.swift; path = NameOfClass.swift; sourceTree = "<group>"; };
		5AAB52DE2813D366003C53E3 /* UIColor.swift */ = {isa = PBXFileReference; lastKnownFileType = sourcecode.swift; path = UIColor.swift; sourceTree = "<group>"; };
		5AAB52E22813EC3C003C53E3 /* CustomUIView.swift */ = {isa = PBXFileReference; lastKnownFileType = sourcecode.swift; path = CustomUIView.swift; sourceTree = "<group>"; };
		5AAB52E42813EC8C003C53E3 /* CustomUIViewController.swift */ = {isa = PBXFileReference; lastKnownFileType = sourcecode.swift; path = CustomUIViewController.swift; sourceTree = "<group>"; };
		5AB9A8AF280D82E9009895BC /* HapticManager.swift */ = {isa = PBXFileReference; lastKnownFileType = sourcecode.swift; path = HapticManager.swift; sourceTree = "<group>"; };
		5AE64C9628130650007F5CED /* SettingItemCell.swift */ = {isa = PBXFileReference; lastKnownFileType = sourcecode.swift; path = SettingItemCell.swift; sourceTree = "<group>"; };
		F90166BF2882EDEF005E8BDD /* EnumTypes.swift */ = {isa = PBXFileReference; lastKnownFileType = sourcecode.swift; path = EnumTypes.swift; sourceTree = "<group>"; };
		F90C825F285DD75800E61761 /* SavedMixesView.swift */ = {isa = PBXFileReference; lastKnownFileType = sourcecode.swift; path = SavedMixesView.swift; sourceTree = "<group>"; };
		F90C8262285DDCD200E61761 /* SavedMixTableViewCell.swift */ = {isa = PBXFileReference; lastKnownFileType = sourcecode.swift; path = SavedMixTableViewCell.swift; sourceTree = "<group>"; };
		F90C8264285E306600E61761 /* MixBar.swift */ = {isa = PBXFileReference; lastKnownFileType = sourcecode.swift; path = MixBar.swift; sourceTree = "<group>"; };
		F91327B82857C427006D0EF6 /* DatabaseManager.swift */ = {isa = PBXFileReference; lastKnownFileType = sourcecode.swift; path = DatabaseManager.swift; sourceTree = "<group>"; };
		F91327BB2857C44E006D0EF6 /* MixDataModel.xcdatamodel */ = {isa = PBXFileReference; lastKnownFileType = wrapper.xcdatamodel; path = MixDataModel.xcdatamodel; sourceTree = "<group>"; };
		F91EF2D9284A85BC00CE84DC /* AdvancedTextField.swift */ = {isa = PBXFileReference; lastKnownFileType = sourcecode.swift; path = AdvancedTextField.swift; sourceTree = "<group>"; };
		F91EF2DB284BD14000CE84DC /* UIViewController.swift */ = {isa = PBXFileReference; lastKnownFileType = sourcecode.swift; path = UIViewController.swift; sourceTree = "<group>"; };
		F928288B281F00E9003CDCDD /* ImageBackgroundView.swift */ = {isa = PBXFileReference; lastKnownFileType = sourcecode.swift; path = ImageBackgroundView.swift; sourceTree = "<group>"; };
		F932A20628590D5200AE0C48 /* SoundModel+CoreDataClass.swift */ = {isa = PBXFileReference; lastKnownFileType = sourcecode.swift; path = "SoundModel+CoreDataClass.swift"; sourceTree = "<group>"; };
		F932A20728590D5200AE0C48 /* SoundModel+CoreDataProperties.swift */ = {isa = PBXFileReference; lastKnownFileType = sourcecode.swift; path = "SoundModel+CoreDataProperties.swift"; sourceTree = "<group>"; };
		F932A20828590D5200AE0C48 /* MixModel+CoreDataClass.swift */ = {isa = PBXFileReference; lastKnownFileType = sourcecode.swift; path = "MixModel+CoreDataClass.swift"; sourceTree = "<group>"; };
		F932A20E285A6BCD00AE0C48 /* MixModel+CoreDataProperties.swift */ = {isa = PBXFileReference; lastKnownFileType = sourcecode.swift; path = "MixModel+CoreDataProperties.swift"; sourceTree = "<group>"; };
		F95D5D642880A0DF0013BC92 /* NotificationManager.swift */ = {isa = PBXFileReference; lastKnownFileType = sourcecode.swift; path = NotificationManager.swift; sourceTree = "<group>"; };
		F9688C0B28412ADF005542B0 /* YourMixView.swift */ = {isa = PBXFileReference; lastKnownFileType = sourcecode.swift; path = YourMixView.swift; sourceTree = "<group>"; wrapsLines = 1; };
		F9688C0D28412AED005542B0 /* YourMixViewController.swift */ = {isa = PBXFileReference; lastKnownFileType = sourcecode.swift; path = YourMixViewController.swift; sourceTree = "<group>"; };
		F9881BA128820DC500395F03 /* MixerSettingsView.swift */ = {isa = PBXFileReference; lastKnownFileType = sourcecode.swift; path = MixerSettingsView.swift; sourceTree = "<group>"; };
		F9881BA428820DF000395F03 /* MixerSettingsViewController.swift */ = {isa = PBXFileReference; lastKnownFileType = sourcecode.swift; path = MixerSettingsViewController.swift; sourceTree = "<group>"; };
		F9D780CC28761B6F00C34548 /* TimerView.swift */ = {isa = PBXFileReference; lastKnownFileType = sourcecode.swift; path = TimerView.swift; sourceTree = "<group>"; };
		F9D780CF28761BA100C34548 /* TimerViewController.swift */ = {isa = PBXFileReference; lastKnownFileType = sourcecode.swift; path = TimerViewController.swift; sourceTree = "<group>"; };
		F9DA4F7D284155C8008F703D /* YourMixTableViewCell.swift */ = {isa = PBXFileReference; lastKnownFileType = sourcecode.swift; path = YourMixTableViewCell.swift; sourceTree = "<group>"; };
		F9DA4F7F284229C2008F703D /* BottomMenu.swift */ = {isa = PBXFileReference; lastKnownFileType = sourcecode.swift; path = BottomMenu.swift; sourceTree = "<group>"; };
		F9DA4F8328436BF6008F703D /* VerticalButton.swift */ = {isa = PBXFileReference; lastKnownFileType = sourcecode.swift; path = VerticalButton.swift; sourceTree = "<group>"; };
		F9DA4F8528469DA0008F703D /* MixManager.swift */ = {isa = PBXFileReference; lastKnownFileType = sourcecode.swift; path = MixManager.swift; sourceTree = "<group>"; };
		F9DA4F8828493CB8008F703D /* AdvancedAlertViewController.swift */ = {isa = PBXFileReference; lastKnownFileType = sourcecode.swift; path = AdvancedAlertViewController.swift; sourceTree = "<group>"; };
		F9DA4F8A28493CD4008F703D /* AdvancedAlertView.swift */ = {isa = PBXFileReference; lastKnownFileType = sourcecode.swift; path = AdvancedAlertView.swift; sourceTree = "<group>"; };
		F9DA4F8C284964DA008F703D /* CustomVisualEffect.swift */ = {isa = PBXFileReference; lastKnownFileType = sourcecode.swift; path = CustomVisualEffect.swift; sourceTree = "<group>"; };
		F9DC15F62814679700B1EE9B /* UIImage.swift */ = {isa = PBXFileReference; lastKnownFileType = sourcecode.swift; path = UIImage.swift; sourceTree = "<group>"; };
		F9EBBA1E288B1D6D00D2087C /* WelcomeViewController.swift */ = {isa = PBXFileReference; lastKnownFileType = sourcecode.swift; path = WelcomeViewController.swift; sourceTree = "<group>"; };
		F9EBBA21288B2B6400D2087C /* Nunito-Semibold.ttf */ = {isa = PBXFileReference; lastKnownFileType = file; path = "Nunito-Semibold.ttf"; sourceTree = "<group>"; };
		F9EBBA23288B365700D2087C /* OnboardingViewController.swift */ = {isa = PBXFileReference; lastKnownFileType = sourcecode.swift; path = OnboardingViewController.swift; sourceTree = "<group>"; };
		F9EBBA25288BFB3300D2087C /* FirstPage.swift */ = {isa = PBXFileReference; lastKnownFileType = sourcecode.swift; path = FirstPage.swift; sourceTree = "<group>"; };
		F9EBBA27288BFB5100D2087C /* SecondPage.swift */ = {isa = PBXFileReference; lastKnownFileType = sourcecode.swift; path = SecondPage.swift; sourceTree = "<group>"; };
		F9EBBA29288BFB6B00D2087C /* ThirdPage.swift */ = {isa = PBXFileReference; lastKnownFileType = sourcecode.swift; path = ThirdPage.swift; sourceTree = "<group>"; };
		F9EBBA2B288BFB8200D2087C /* ReviewsPage.swift */ = {isa = PBXFileReference; lastKnownFileType = sourcecode.swift; path = ReviewsPage.swift; sourceTree = "<group>"; };
		F9EBBA2E288C7DAC00D2087C /* ReviewView.swift */ = {isa = PBXFileReference; lastKnownFileType = sourcecode.swift; path = ReviewView.swift; sourceTree = "<group>"; };
		F9EBBA31288C8C2A00D2087C /* Review.swift */ = {isa = PBXFileReference; lastKnownFileType = sourcecode.swift; path = Review.swift; sourceTree = "<group>"; };
		F9EBBA33288D4F5D00D2087C /* UIDevice.swift */ = {isa = PBXFileReference; lastKnownFileType = sourcecode.swift; path = UIDevice.swift; sourceTree = "<group>"; };
		F9EEF51428526CCB00ED109F /* music.wav */ = {isa = PBXFileReference; lastKnownFileType = audio.wav; path = music.wav; sourceTree = "<group>"; };
		F9EEF51528526CCB00ED109F /* shower.wav */ = {isa = PBXFileReference; lastKnownFileType = audio.wav; path = shower.wav; sourceTree = "<group>"; };
		F9EEF51628526CCB00ED109F /* whitenoise.wav */ = {isa = PBXFileReference; lastKnownFileType = audio.wav; path = whitenoise.wav; sourceTree = "<group>"; };
		F9EEF51728526CCB00ED109F /* ventilator2.wav */ = {isa = PBXFileReference; lastKnownFileType = audio.wav; path = ventilator2.wav; sourceTree = "<group>"; };
		F9EEF51828526CCB00ED109F /* wind.wav */ = {isa = PBXFileReference; lastKnownFileType = audio.wav; path = wind.wav; sourceTree = "<group>"; };
		F9EEF51928526CCB00ED109F /* mother.wav */ = {isa = PBXFileReference; lastKnownFileType = audio.wav; path = mother.wav; sourceTree = "<group>"; };
		F9EEF51A28526CCB00ED109F /* dryer.wav */ = {isa = PBXFileReference; lastKnownFileType = audio.wav; path = dryer.wav; sourceTree = "<group>"; };
		F9EEF51B28526CCB00ED109F /* creek.wav */ = {isa = PBXFileReference; lastKnownFileType = audio.wav; path = creek.wav; sourceTree = "<group>"; };
		F9EEF51C28526CCB00ED109F /* fireplace.wav */ = {isa = PBXFileReference; lastKnownFileType = audio.wav; path = fireplace.wav; sourceTree = "<group>"; };
		F9EEF51D28526CCB00ED109F /* train.wav */ = {isa = PBXFileReference; lastKnownFileType = audio.wav; path = train.wav; sourceTree = "<group>"; };
		F9EEF51E28526CCB00ED109F /* music2.wav */ = {isa = PBXFileReference; lastKnownFileType = audio.wav; path = music2.wav; sourceTree = "<group>"; };
		F9EEF51F28526CCB00ED109F /* rainonpuddle.wav */ = {isa = PBXFileReference; lastKnownFileType = audio.wav; path = rainonpuddle.wav; sourceTree = "<group>"; };
		F9EEF52028526CCB00ED109F /* brownnoise.wav */ = {isa = PBXFileReference; lastKnownFileType = audio.wav; path = brownnoise.wav; sourceTree = "<group>"; };
		F9EEF52128526CCB00ED109F /* music3.wav */ = {isa = PBXFileReference; lastKnownFileType = audio.wav; path = music3.wav; sourceTree = "<group>"; };
		F9EEF52228526CCB00ED109F /* bluenoise.wav */ = {isa = PBXFileReference; lastKnownFileType = audio.wav; path = bluenoise.wav; sourceTree = "<group>"; };
		F9EEF52328526CCB00ED109F /* music4.wav */ = {isa = PBXFileReference; lastKnownFileType = audio.wav; path = music4.wav; sourceTree = "<group>"; };
		F9EEF52428526CCB00ED109F /* ventilator.wav */ = {isa = PBXFileReference; lastKnownFileType = audio.wav; path = ventilator.wav; sourceTree = "<group>"; };
		F9EEF52528526CCB00ED109F /* thunder.wav */ = {isa = PBXFileReference; lastKnownFileType = audio.wav; path = thunder.wav; sourceTree = "<group>"; };
		F9EEF52628526CCB00ED109F /* river.wav */ = {isa = PBXFileReference; lastKnownFileType = audio.wav; path = river.wav; sourceTree = "<group>"; };
		F9EEF52728526CCB00ED109F /* ocean.wav */ = {isa = PBXFileReference; lastKnownFileType = audio.wav; path = ocean.wav; sourceTree = "<group>"; };
		F9EEF52828526CCB00ED109F /* doppler.wav */ = {isa = PBXFileReference; lastKnownFileType = audio.wav; path = doppler.wav; sourceTree = "<group>"; };
		F9EEF52928526CCB00ED109F /* cleaner2.wav */ = {isa = PBXFileReference; lastKnownFileType = audio.wav; path = cleaner2.wav; sourceTree = "<group>"; };
		F9EEF52A28526CCB00ED109F /* aircraft.wav */ = {isa = PBXFileReference; lastKnownFileType = audio.wav; path = aircraft.wav; sourceTree = "<group>"; };
		F9EEF52B28526CCB00ED109F /* wash.wav */ = {isa = PBXFileReference; lastKnownFileType = audio.wav; path = wash.wav; sourceTree = "<group>"; };
		F9EEF52C28526CCB00ED109F /* rain.wav */ = {isa = PBXFileReference; lastKnownFileType = audio.wav; path = rain.wav; sourceTree = "<group>"; };
		F9EEF52D28526CCB00ED109F /* mother2.wav */ = {isa = PBXFileReference; lastKnownFileType = audio.wav; path = mother2.wav; sourceTree = "<group>"; };
		F9EEF52E28526CCB00ED109F /* forestriverslow.wav */ = {isa = PBXFileReference; lastKnownFileType = audio.wav; path = forestriverslow.wav; sourceTree = "<group>"; };
		F9EEF52F28526CCB00ED109F /* cleaner.wav */ = {isa = PBXFileReference; lastKnownFileType = audio.wav; path = cleaner.wav; sourceTree = "<group>"; };
		F9EEF53028526CCB00ED109F /* forestriver.wav */ = {isa = PBXFileReference; lastKnownFileType = audio.wav; path = forestriver.wav; sourceTree = "<group>"; };
		F9EEF53128526CCB00ED109F /* waterfall.wav */ = {isa = PBXFileReference; lastKnownFileType = audio.wav; path = waterfall.wav; sourceTree = "<group>"; };
		F9EEF53228526CCB00ED109F /* sea.wav */ = {isa = PBXFileReference; lastKnownFileType = audio.wav; path = sea.wav; sourceTree = "<group>"; };
		F9EEF53328526CCB00ED109F /* cat.wav */ = {isa = PBXFileReference; lastKnownFileType = audio.wav; path = cat.wav; sourceTree = "<group>"; };
		F9EEF53428526CCB00ED109F /* kettle.wav */ = {isa = PBXFileReference; lastKnownFileType = audio.wav; path = kettle.wav; sourceTree = "<group>"; };
		F9EEF53528526CCB00ED109F /* heart.wav */ = {isa = PBXFileReference; lastKnownFileType = audio.wav; path = heart.wav; sourceTree = "<group>"; };
		F9EEF53628526CCB00ED109F /* heavyrain.wav */ = {isa = PBXFileReference; lastKnownFileType = audio.wav; path = heavyrain.wav; sourceTree = "<group>"; };
		F9EEF53728526CCB00ED109F /* lake.wav */ = {isa = PBXFileReference; lastKnownFileType = audio.wav; path = lake.wav; sourceTree = "<group>"; };
		F9EEF53828526CCB00ED109F /* car.wav */ = {isa = PBXFileReference; lastKnownFileType = audio.wav; path = car.wav; sourceTree = "<group>"; };
		F9EEF53928526CCB00ED109F /* pinknoise.wav */ = {isa = PBXFileReference; lastKnownFileType = audio.wav; path = pinknoise.wav; sourceTree = "<group>"; };
		F9EEF53A28526CCB00ED109F /* rainonleaves.wav */ = {isa = PBXFileReference; lastKnownFileType = audio.wav; path = rainonleaves.wav; sourceTree = "<group>"; };
		F9EEF53B28526CCB00ED109F /* conditioner.wav */ = {isa = PBXFileReference; lastKnownFileType = audio.wav; path = conditioner.wav; sourceTree = "<group>"; };
		F9EEF5642852737C00ED109F /* AudioManager.swift */ = {isa = PBXFileReference; lastKnownFileType = sourcecode.swift; path = AudioManager.swift; sourceTree = "<group>"; };
/* End PBXFileReference section */

/* Begin PBXFrameworksBuildPhase section */
		5A8841B1280B4DA800A8291B /* Frameworks */ = {
			isa = PBXFrameworksBuildPhase;
			buildActionMask = 2147483647;
			files = (
			);
			runOnlyForDeploymentPostprocessing = 0;
		};
/* End PBXFrameworksBuildPhase section */

/* Begin PBXGroup section */
		5A62AAE82811774C003667D2 /* Settings */ = {
			isa = PBXGroup;
			children = (
				5A62AAED28118CDA003667D2 /* Subviews */,
				5A62AAE92811776A003667D2 /* SettingsViewController.swift */,
				5A62AAEB281177A0003667D2 /* SettingsView.swift */,
			);
			path = Settings;
			sourceTree = "<group>";
		};
		5A62AAED28118CDA003667D2 /* Subviews */ = {
			isa = PBXGroup;
			children = (
				5AE64C9628130650007F5CED /* SettingItemCell.swift */,
				5A62AAEE28118CF8003667D2 /* SettingsFrameView.swift */,
				5A62AAF02811A8C6003667D2 /* SettingsFrameBackgroundView.swift */,
			);
			path = Subviews;
			sourceTree = "<group>";
		};
		5A8841AB280B4DA800A8291B = {
			isa = PBXGroup;
			children = (
				F932A20E285A6BCD00AE0C48 /* MixModel+CoreDataProperties.swift */,
				F932A20628590D5200AE0C48 /* SoundModel+CoreDataClass.swift */,
				F932A20728590D5200AE0C48 /* SoundModel+CoreDataProperties.swift */,
				F932A20828590D5200AE0C48 /* MixModel+CoreDataClass.swift */,
				5A8841B6280B4DA800A8291B /* WhiteNoise */,
				5A8841B5280B4DA800A8291B /* Products */,
				F91D3DA62857CD7500208BE1 /* Recovered References */,
			);
			sourceTree = "<group>";
		};
		5A8841B5280B4DA800A8291B /* Products */ = {
			isa = PBXGroup;
			children = (
				5A8841B4280B4DA800A8291B /* WhiteNoise.app */,
			);
			name = Products;
			sourceTree = "<group>";
		};
		5A8841B6280B4DA800A8291B /* WhiteNoise */ = {
			isa = PBXGroup;
			children = (
				5A8FB7CA280C5A3200D44CA6 /* UI */,
				5A8FB7AD280BDA9400D44CA6 /* MyNavigationController.swift */,
				5A8FB7C4280C45A000D44CA6 /* Views */,
				5A8FB7C3280C2A7600D44CA6 /* Extensions */,
				5A8FB7C1280C29AA00D44CA6 /* Models */,
				5A8FB7C0280C298500D44CA6 /* Managers */,
				5A8FB7B1280BDE0400D44CA6 /* Fonts */,
				F9EEF51328526CCB00ED109F /* sounds */,
				5A8841B9280B4DA800A8291B /* SceneDelegate.swift */,
				5A8841B7280B4DA800A8291B /* AppDelegate.swift */,
				5A8841C0280B4DAA00A8291B /* Assets.xcassets */,
				5A8841C2280B4DAA00A8291B /* LaunchScreen.storyboard */,
				5A8841C5280B4DAA00A8291B /* Info.plist */,
			);
			path = WhiteNoise;
			sourceTree = "<group>";
		};
		5A8FB7B1280BDE0400D44CA6 /* Fonts */ = {
			isa = PBXGroup;
			children = (
				5A8FB7B4280BDE5400D44CA6 /* Nunito-Bold.ttf */,
				5A8FB7B3280BDE5400D44CA6 /* Nunito-Italic.ttf */,
				5A8FB7B2280BDE5400D44CA6 /* Nunito-Light.ttf */,
				F9EBBA21288B2B6400D2087C /* Nunito-Semibold.ttf */,
				5A8FB7B6280BDE5400D44CA6 /* Nunito-Medium.ttf */,
				5A8FB7B5280BDE5400D44CA6 /* Nunito-Regular.ttf */,
			);
			path = Fonts;
			sourceTree = "<group>";
		};
		5A8FB7C0280C298500D44CA6 /* Managers */ = {
			isa = PBXGroup;
			children = (
				5A8FB7BC280C1D3D00D44CA6 /* StorageManager.swift */,
				F9DA4F8528469DA0008F703D /* MixManager.swift */,
				5AB9A8AF280D82E9009895BC /* HapticManager.swift */,
				F9EEF5642852737C00ED109F /* AudioManager.swift */,
				F91327B82857C427006D0EF6 /* DatabaseManager.swift */,
				F95D5D642880A0DF0013BC92 /* NotificationManager.swift */,
			);
			path = Managers;
			sourceTree = "<group>";
		};
		5A8FB7C1280C29AA00D44CA6 /* Models */ = {
			isa = PBXGroup;
			children = (
				F90166BF2882EDEF005E8BDD /* EnumTypes.swift */,
				5AAB52D8281357B7003C53E3 /* FilterTag.swift */,
				5AAB52D9281357B7003C53E3 /* Sound.swift */,
				5A8FB7BE280C216D00D44CA6 /* Time.swift */,
				F9EBBA31288C8C2A00D2087C /* Review.swift */,
				F91327BD2857C458006D0EF6 /* Database */,
			);
			path = Models;
			sourceTree = "<group>";
		};
		5A8FB7C2280C2A0400D44CA6 /* Plansleep */ = {
			isa = PBXGroup;
			children = (
				5A8841BB280B4DA800A8291B /* PlansleepViewController.swift */,
				5A8841CB280B5EA300A8291B /* PlansleepView.swift */,
			);
			path = Plansleep;
			sourceTree = "<group>";
		};
		5A8FB7C3280C2A7600D44CA6 /* Extensions */ = {
			isa = PBXGroup;
			children = (
				5AAB52DC28135879003C53E3 /* NameOfClass.swift */,
				F91EF2DB284BD14000CE84DC /* UIViewController.swift */,
				5AAB52CA281355F7003C53E3 /* UIView.swift */,
				F9DC15F62814679700B1EE9B /* UIImage.swift */,
				5AAB52DE2813D366003C53E3 /* UIColor.swift */,
				F9EBBA33288D4F5D00D2087C /* UIDevice.swift */,
			);
			path = Extensions;
			sourceTree = "<group>";
		};
		5A8FB7C4280C45A000D44CA6 /* Views */ = {
			isa = PBXGroup;
			children = (
				5A8FB7C6280C460E00D44CA6 /* UIPageIndicatorView.swift */,
				5A8FB7C8280C550600D44CA6 /* UICircle.swift */,
				5AAB52E22813EC3C003C53E3 /* CustomUIView.swift */,
				5AAB52E42813EC8C003C53E3 /* CustomUIViewController.swift */,
			);
			path = Views;
			sourceTree = "<group>";
		};
		5A8FB7CA280C5A3200D44CA6 /* UI */ = {
			isa = PBXGroup;
			children = (
				F9EBBA20288B1D8B00D2087C /* Onboarding */,
				F9881BA328820DCB00395F03 /* MixerSettings */,
				F9D780CE28761B7A00C34548 /* Timer */,
				F9DA4F8728493C91008F703D /* AdvancedAlert */,
				F9688C0A28412A80005542B0 /* YourMix */,
				5A62AAE82811774C003667D2 /* Settings */,
				5A945F37280E8C3A001AA3C4 /* Paywall */,
				5A945F32280DCFC5001AA3C4 /* Privacy */,
				5A8FB7CB280C709E00D44CA6 /* Mix */,
				5A8FB7C2280C2A0400D44CA6 /* Plansleep */,
			);
			path = UI;
			sourceTree = "<group>";
		};
		5A8FB7CB280C709E00D44CA6 /* Mix */ = {
			isa = PBXGroup;
			children = (
				5AAB52CC28135795003C53E3 /* Subviews */,
				5A8FB7CE280C70E300D44CA6 /* MixViewController.swift */,
			);
			path = Mix;
			sourceTree = "<group>";
		};
		5A945F32280DCFC5001AA3C4 /* Privacy */ = {
			isa = PBXGroup;
			children = (
				5A945F33280DCFCF001AA3C4 /* PrivacyView.swift */,
				5A945F35280DCFF4001AA3C4 /* PrivacyViewController.swift */,
			);
			path = Privacy;
			sourceTree = "<group>";
		};
		5A945F37280E8C3A001AA3C4 /* Paywall */ = {
			isa = PBXGroup;
			children = (
				5A13588C280E8D0800DE431D /* PaywallView.swift */,
				5A13588E280E8D1400DE431D /* PaywallViewController.swift */,
			);
			path = Paywall;
			sourceTree = "<group>";
		};
		5AAB52CC28135795003C53E3 /* Subviews */ = {
			isa = PBXGroup;
			children = (
				5AAB52CD28135795003C53E3 /* Cells */,
				5AAB52D028135795003C53E3 /* CustomSegmentedControl.swift */,
				5AAB52D128135795003C53E3 /* CustomTabBar.swift */,
				F91A6CA828959D1A00D52AA8 /* MixView */,
				F90C8261285DDCA800E61761 /* SavedMixes */,
			);
			path = Subviews;
			sourceTree = "<group>";
		};
		5AAB52CD28135795003C53E3 /* Cells */ = {
			isa = PBXGroup;
			children = (
			);
			path = Cells;
			sourceTree = "<group>";
		};
		F90C8261285DDCA800E61761 /* SavedMixes */ = {
			isa = PBXGroup;
			children = (
				F90C825F285DD75800E61761 /* SavedMixesView.swift */,
				F90C8262285DDCD200E61761 /* SavedMixTableViewCell.swift */,
				F90C8264285E306600E61761 /* MixBar.swift */,
			);
			path = SavedMixes;
			sourceTree = "<group>";
		};
		F91327BD2857C458006D0EF6 /* Database */ = {
			isa = PBXGroup;
			children = (
				F91327BA2857C44E006D0EF6 /* MixDataModel.xcdatamodeld */,
			);
			path = Database;
			sourceTree = "<group>";
		};
		F91A6CA828959D1A00D52AA8 /* MixView */ = {
			isa = PBXGroup;
			children = (
				F91A6CAA28959D6400D52AA8 /* Subviews */,
				5A8FB7CC280C70C300D44CA6 /* MixView.swift */,
			);
			path = MixView;
			sourceTree = "<group>";
		};
		F91A6CA928959D5C00D52AA8 /* Cells */ = {
			isa = PBXGroup;
			children = (
				5AAB52CE28135795003C53E3 /* SoundCollectionViewCell.swift */,
				5AAB52CF28135795003C53E3 /* FilterTagCollectionViewCell.swift */,
			);
			path = Cells;
			sourceTree = "<group>";
		};
		F91A6CAA28959D6400D52AA8 /* Subviews */ = {
			isa = PBXGroup;
			children = (
				F928288B281F00E9003CDCDD /* ImageBackgroundView.swift */,
				F91A6CA928959D5C00D52AA8 /* Cells */,
			);
			path = Subviews;
			sourceTree = "<group>";
		};
		F91D3DA62857CD7500208BE1 /* Recovered References */ = {
			isa = PBXGroup;
			children = (
			);
			name = "Recovered References";
			sourceTree = "<group>";
		};
		F91EF2D8284A859500CE84DC /* subviews */ = {
			isa = PBXGroup;
			children = (
				F9DA4F8C284964DA008F703D /* CustomVisualEffect.swift */,
				F91EF2D9284A85BC00CE84DC /* AdvancedTextField.swift */,
			);
			path = subviews;
			sourceTree = "<group>";
		};
		F9688C0A28412A80005542B0 /* YourMix */ = {
			isa = PBXGroup;
			children = (
				F9688C0F28412F8E005542B0 /* subviews */,
				F9688C0B28412ADF005542B0 /* YourMixView.swift */,
				F9688C0D28412AED005542B0 /* YourMixViewController.swift */,
			);
			path = YourMix;
			sourceTree = "<group>";
		};
		F9688C0F28412F8E005542B0 /* subviews */ = {
			isa = PBXGroup;
			children = (
				F9DA4F7D284155C8008F703D /* YourMixTableViewCell.swift */,
				F9DA4F7F284229C2008F703D /* BottomMenu.swift */,
				F9DA4F8328436BF6008F703D /* VerticalButton.swift */,
			);
			path = subviews;
			sourceTree = "<group>";
		};
		F9881BA328820DCB00395F03 /* MixerSettings */ = {
			isa = PBXGroup;
			children = (
				F9881BA128820DC500395F03 /* MixerSettingsView.swift */,
				F9881BA428820DF000395F03 /* MixerSettingsViewController.swift */,
			);
			path = MixerSettings;
			sourceTree = "<group>";
		};
		F9D780CE28761B7A00C34548 /* Timer */ = {
			isa = PBXGroup;
			children = (
				F9D780CC28761B6F00C34548 /* TimerView.swift */,
				F9D780CF28761BA100C34548 /* TimerViewController.swift */,
			);
			path = Timer;
			sourceTree = "<group>";
		};
		F9DA4F8728493C91008F703D /* AdvancedAlert */ = {
			isa = PBXGroup;
			children = (
				F9DA4F8828493CB8008F703D /* AdvancedAlertViewController.swift */,
				F9DA4F8A28493CD4008F703D /* AdvancedAlertView.swift */,
				F91EF2D8284A859500CE84DC /* subviews */,
			);
			path = AdvancedAlert;
			sourceTree = "<group>";
		};
		F9EBBA20288B1D8B00D2087C /* Onboarding */ = {
			isa = PBXGroup;
			children = (
				F9EBBA1E288B1D6D00D2087C /* WelcomeViewController.swift */,
				F9EBBA23288B365700D2087C /* OnboardingViewController.swift */,
				F9EBBA2D288BFB9B00D2087C /* Pages */,
			);
			path = Onboarding;
			sourceTree = "<group>";
		};
		F9EBBA2D288BFB9B00D2087C /* Pages */ = {
			isa = PBXGroup;
			children = (
				F9EBBA25288BFB3300D2087C /* FirstPage.swift */,
				F9EBBA27288BFB5100D2087C /* SecondPage.swift */,
				F9EBBA29288BFB6B00D2087C /* ThirdPage.swift */,
				F9EBBA2B288BFB8200D2087C /* ReviewsPage.swift */,
				F9EBBA30288C7DB100D2087C /* Subviews */,
			);
			path = Pages;
			sourceTree = "<group>";
		};
		F9EBBA30288C7DB100D2087C /* Subviews */ = {
			isa = PBXGroup;
			children = (
				F9EBBA2E288C7DAC00D2087C /* ReviewView.swift */,
			);
			path = Subviews;
			sourceTree = "<group>";
		};
		F9EEF51328526CCB00ED109F /* sounds */ = {
			isa = PBXGroup;
			children = (
				F9EEF51428526CCB00ED109F /* music.wav */,
				F9EEF51528526CCB00ED109F /* shower.wav */,
				F9EEF51628526CCB00ED109F /* whitenoise.wav */,
				F9EEF51728526CCB00ED109F /* ventilator2.wav */,
				F9EEF51828526CCB00ED109F /* wind.wav */,
				F9EEF51928526CCB00ED109F /* mother.wav */,
				F9EEF51A28526CCB00ED109F /* dryer.wav */,
				F9EEF51B28526CCB00ED109F /* creek.wav */,
				F9EEF51C28526CCB00ED109F /* fireplace.wav */,
				F9EEF51D28526CCB00ED109F /* train.wav */,
				F9EEF51E28526CCB00ED109F /* music2.wav */,
				F9EEF51F28526CCB00ED109F /* rainonpuddle.wav */,
				F9EEF52028526CCB00ED109F /* brownnoise.wav */,
				F9EEF52128526CCB00ED109F /* music3.wav */,
				F9EEF52228526CCB00ED109F /* bluenoise.wav */,
				F9EEF52328526CCB00ED109F /* music4.wav */,
				F9EEF52428526CCB00ED109F /* ventilator.wav */,
				F9EEF52528526CCB00ED109F /* thunder.wav */,
				F9EEF52628526CCB00ED109F /* river.wav */,
				F9EEF52728526CCB00ED109F /* ocean.wav */,
				F9EEF52828526CCB00ED109F /* doppler.wav */,
				F9EEF52928526CCB00ED109F /* cleaner2.wav */,
				F9EEF52A28526CCB00ED109F /* aircraft.wav */,
				F9EEF52B28526CCB00ED109F /* wash.wav */,
				F9EEF52C28526CCB00ED109F /* rain.wav */,
				F9EEF52D28526CCB00ED109F /* mother2.wav */,
				F9EEF52E28526CCB00ED109F /* forestriverslow.wav */,
				F9EEF52F28526CCB00ED109F /* cleaner.wav */,
				F9EEF53028526CCB00ED109F /* forestriver.wav */,
				F9EEF53128526CCB00ED109F /* waterfall.wav */,
				F9EEF53228526CCB00ED109F /* sea.wav */,
				F9EEF53328526CCB00ED109F /* cat.wav */,
				F9EEF53428526CCB00ED109F /* kettle.wav */,
				F9EEF53528526CCB00ED109F /* heart.wav */,
				F9EEF53628526CCB00ED109F /* heavyrain.wav */,
				F9EEF53728526CCB00ED109F /* lake.wav */,
				F9EEF53828526CCB00ED109F /* car.wav */,
				F9EEF53928526CCB00ED109F /* pinknoise.wav */,
				F9EEF53A28526CCB00ED109F /* rainonleaves.wav */,
				F9EEF53B28526CCB00ED109F /* conditioner.wav */,
			);
			path = sounds;
			sourceTree = "<group>";
		};
/* End PBXGroup section */

/* Begin PBXNativeTarget section */
		5A8841B3280B4DA800A8291B /* WhiteNoise */ = {
			isa = PBXNativeTarget;
			buildConfigurationList = 5A8841C8280B4DAA00A8291B /* Build configuration list for PBXNativeTarget "WhiteNoise" */;
			buildPhases = (
				5A8841B0280B4DA800A8291B /* Sources */,
				5A8841B1280B4DA800A8291B /* Frameworks */,
				5A8841B2280B4DA800A8291B /* Resources */,
			);
			buildRules = (
			);
			dependencies = (
			);
			name = WhiteNoise;
			productName = WhiteNoise;
			productReference = 5A8841B4280B4DA800A8291B /* WhiteNoise.app */;
			productType = "com.apple.product-type.application";
		};
/* End PBXNativeTarget section */

/* Begin PBXProject section */
		5A8841AC280B4DA800A8291B /* Project object */ = {
			isa = PBXProject;
			attributes = {
				BuildIndependentTargetsInParallel = 1;
				LastSwiftUpdateCheck = 1330;
				LastUpgradeCheck = 1330;
				TargetAttributes = {
					5A8841B3280B4DA800A8291B = {
						CreatedOnToolsVersion = 13.3.1;
					};
				};
			};
			buildConfigurationList = 5A8841AF280B4DA800A8291B /* Build configuration list for PBXProject "WhiteNoise" */;
			compatibilityVersion = "Xcode 13.0";
			developmentRegion = en;
			hasScannedForEncodings = 0;
			knownRegions = (
				en,
				Base,
			);
			mainGroup = 5A8841AB280B4DA800A8291B;
			productRefGroup = 5A8841B5280B4DA800A8291B /* Products */;
			projectDirPath = "";
			projectRoot = "";
			targets = (
				5A8841B3280B4DA800A8291B /* WhiteNoise */,
			);
		};
/* End PBXProject section */

/* Begin PBXResourcesBuildPhase section */
		5A8841B2280B4DA800A8291B /* Resources */ = {
			isa = PBXResourcesBuildPhase;
			buildActionMask = 2147483647;
			files = (
				F9EEF56028526CCB00ED109F /* car.wav in Resources */,
				F9EEF55C28526CCB00ED109F /* kettle.wav in Resources */,
				F9EEF53D28526CCB00ED109F /* shower.wav in Resources */,
				F9EEF54728526CCB00ED109F /* rainonpuddle.wav in Resources */,
				5A8841C4280B4DAA00A8291B /* LaunchScreen.storyboard in Resources */,
				F9EEF55B28526CCB00ED109F /* cat.wav in Resources */,
				F9EEF54E28526CCB00ED109F /* river.wav in Resources */,
				5A8FB7B9280BDF5400D44CA6 /* Nunito-Italic.ttf in Resources */,
				F9EBBA22288B2B8500D2087C /* Nunito-Semibold.ttf in Resources */,
				F9EEF53C28526CCB00ED109F /* music.wav in Resources */,
				F9EEF55E28526CCB00ED109F /* heavyrain.wav in Resources */,
				5A8FB7BA280BDF5A00D44CA6 /* Nunito-Medium.ttf in Resources */,
				F9EEF54928526CCB00ED109F /* music3.wav in Resources */,
				F9EEF54828526CCB00ED109F /* brownnoise.wav in Resources */,
				F9EEF54128526CCB00ED109F /* mother.wav in Resources */,
				5A8841C1280B4DAA00A8291B /* Assets.xcassets in Resources */,
				F9EEF54A28526CCB00ED109F /* bluenoise.wav in Resources */,
				F9EEF55A28526CCB00ED109F /* sea.wav in Resources */,
				F9EEF54C28526CCB00ED109F /* ventilator.wav in Resources */,
				F9EEF54B28526CCB00ED109F /* music4.wav in Resources */,
				5A8FB7BB280BDF5D00D44CA6 /* Nunito-Regular.ttf in Resources */,
				F9EEF56228526CCB00ED109F /* rainonleaves.wav in Resources */,
				F9EEF54628526CCB00ED109F /* music2.wav in Resources */,
				F9EEF55228526CCB00ED109F /* aircraft.wav in Resources */,
				5A8FB7B8280BDF5200D44CA6 /* Nunito-Bold.ttf in Resources */,
				F9EEF55828526CCB00ED109F /* forestriver.wav in Resources */,
				F9EEF55628526CCB00ED109F /* forestriverslow.wav in Resources */,
				F9EEF55928526CCB00ED109F /* waterfall.wav in Resources */,
				F9EEF56128526CCB00ED109F /* pinknoise.wav in Resources */,
				F9EEF54228526CCB00ED109F /* dryer.wav in Resources */,
				F9EEF55528526CCB00ED109F /* mother2.wav in Resources */,
				F9EEF54028526CCB00ED109F /* wind.wav in Resources */,
				F9EEF53F28526CCB00ED109F /* ventilator2.wav in Resources */,
				5A8FB7B7280BDE6B00D44CA6 /* Nunito-Light.ttf in Resources */,
				F9EEF55728526CCB00ED109F /* cleaner.wav in Resources */,
				F9EEF55328526CCB00ED109F /* wash.wav in Resources */,
				F9EEF53E28526CCB00ED109F /* whitenoise.wav in Resources */,
				F9EEF54428526CCB00ED109F /* fireplace.wav in Resources */,
				F9EEF54D28526CCB00ED109F /* thunder.wav in Resources */,
				F9EEF54328526CCB00ED109F /* creek.wav in Resources */,
				F9EEF55128526CCB00ED109F /* cleaner2.wav in Resources */,
				F9EEF56328526CCB00ED109F /* conditioner.wav in Resources */,
				F9EEF55D28526CCB00ED109F /* heart.wav in Resources */,
				F9EEF55028526CCB00ED109F /* doppler.wav in Resources */,
				F9EEF55428526CCB00ED109F /* rain.wav in Resources */,
				F9EEF55F28526CCB00ED109F /* lake.wav in Resources */,
				F9EEF54528526CCB00ED109F /* train.wav in Resources */,
				F9EEF54F28526CCB00ED109F /* ocean.wav in Resources */,
			);
			runOnlyForDeploymentPostprocessing = 0;
		};
/* End PBXResourcesBuildPhase section */

/* Begin PBXSourcesBuildPhase section */
		5A8841B0280B4DA800A8291B /* Sources */ = {
			isa = PBXSourcesBuildPhase;
			buildActionMask = 2147483647;
			files = (
				F91EF2DA284A85BC00CE84DC /* AdvancedTextField.swift in Sources */,
				F9881BA228820DC500395F03 /* MixerSettingsView.swift in Sources */,
				5AB9A8B0280D82E9009895BC /* HapticManager.swift in Sources */,
				F9688C0C28412ADF005542B0 /* YourMixView.swift in Sources */,
				5AAB52E32813EC3C003C53E3 /* CustomUIView.swift in Sources */,
				5AAB52E52813EC8C003C53E3 /* CustomUIViewController.swift in Sources */,
				5A13588D280E8D0800DE431D /* PaywallView.swift in Sources */,
				F91EF2DC284BD14000CE84DC /* UIViewController.swift in Sources */,
				F932A20B28590D5200AE0C48 /* SoundModel+CoreDataProperties.swift in Sources */,
				5A13588F280E8D1400DE431D /* PaywallViewController.swift in Sources */,
				5A8841BC280B4DA800A8291B /* PlansleepViewController.swift in Sources */,
				F90C8265285E306600E61761 /* MixBar.swift in Sources */,
				5A945F36280DCFF4001AA3C4 /* PrivacyViewController.swift in Sources */,
				5A8FB7C7280C460E00D44CA6 /* UIPageIndicatorView.swift in Sources */,
				5A8FB7CF280C70E300D44CA6 /* MixViewController.swift in Sources */,
				5AAB52CB281355F7003C53E3 /* UIView.swift in Sources */,
				F9EBBA26288BFB3300D2087C /* FirstPage.swift in Sources */,
				5A945F34280DCFCF001AA3C4 /* PrivacyView.swift in Sources */,
				F9D780D028761BA100C34548 /* TimerViewController.swift in Sources */,
				5AAB52D328135795003C53E3 /* SoundCollectionViewCell.swift in Sources */,
				F9DA4F8928493CB8008F703D /* AdvancedAlertViewController.swift in Sources */,
				5A8FB7CD280C70C300D44CA6 /* MixView.swift in Sources */,
				F9DA4F8D284964DA008F703D /* CustomVisualEffect.swift in Sources */,
				F932A20F285A6BCD00AE0C48 /* MixModel+CoreDataProperties.swift in Sources */,
				5A8841CC280B5EA300A8291B /* PlansleepView.swift in Sources */,
				F932A20A28590D5200AE0C48 /* SoundModel+CoreDataClass.swift in Sources */,
				F9D780CD28761B6F00C34548 /* TimerView.swift in Sources */,
				5A8FB7BD280C1D3D00D44CA6 /* StorageManager.swift in Sources */,
				F9EBBA1F288B1D6D00D2087C /* WelcomeViewController.swift in Sources */,
				5A62AAF12811A8C6003667D2 /* SettingsFrameBackgroundView.swift in Sources */,
				5AAB52DD28135879003C53E3 /* NameOfClass.swift in Sources */,
				5A8FB7BF280C216D00D44CA6 /* Time.swift in Sources */,
				F9EEF5652852737C00ED109F /* AudioManager.swift in Sources */,
				5A8841B8280B4DA800A8291B /* AppDelegate.swift in Sources */,
				F9EBBA2F288C7DAC00D2087C /* ReviewView.swift in Sources */,
				5AAB52D628135795003C53E3 /* CustomTabBar.swift in Sources */,
				F90C8263285DDCD200E61761 /* SavedMixTableViewCell.swift in Sources */,
				F9DA4F80284229C2008F703D /* BottomMenu.swift in Sources */,
				5A8FB7C9280C550600D44CA6 /* UICircle.swift in Sources */,
				F932A20C28590D5200AE0C48 /* MixModel+CoreDataClass.swift in Sources */,
				F9DA4F8B28493CD4008F703D /* AdvancedAlertView.swift in Sources */,
				F9688C0E28412AED005542B0 /* YourMixViewController.swift in Sources */,
				5A8FB7AE280BDA9400D44CA6 /* MyNavigationController.swift in Sources */,
				5AAB52DB281357B7003C53E3 /* Sound.swift in Sources */,
				F91327B92857C427006D0EF6 /* DatabaseManager.swift in Sources */,
				F9DC15F72814679700B1EE9B /* UIImage.swift in Sources */,
				5AAB52DF2813D366003C53E3 /* UIColor.swift in Sources */,
				F9EBBA2A288BFB6B00D2087C /* ThirdPage.swift in Sources */,
				F9DA4F8628469DA0008F703D /* MixManager.swift in Sources */,
				5A8841BA280B4DA800A8291B /* SceneDelegate.swift in Sources */,
				F90166C02882EDEF005E8BDD /* EnumTypes.swift in Sources */,
				F928288C281F00E9003CDCDD /* ImageBackgroundView.swift in Sources */,
				F91327BC2857C44E006D0EF6 /* MixDataModel.xcdatamodeld in Sources */,
				F90C8260285DD75800E61761 /* SavedMixesView.swift in Sources */,
				5AAB52DA281357B7003C53E3 /* FilterTag.swift in Sources */,
				F9DA4F7E284155C8008F703D /* YourMixTableViewCell.swift in Sources */,
				F9DA4F8428436BF6008F703D /* VerticalButton.swift in Sources */,
				F9EBBA34288D4F5D00D2087C /* UIDevice.swift in Sources */,
				F9EBBA28288BFB5100D2087C /* SecondPage.swift in Sources */,
				5A62AAEF28118CF8003667D2 /* SettingsFrameView.swift in Sources */,
				5AE64C9728130650007F5CED /* SettingItemCell.swift in Sources */,
				F95D5D652880A0DF0013BC92 /* NotificationManager.swift in Sources */,
				5A62AAEA2811776A003667D2 /* SettingsViewController.swift in Sources */,
				F9EBBA2C288BFB8200D2087C /* ReviewsPage.swift in Sources */,
				F9EBBA24288B365700D2087C /* OnboardingViewController.swift in Sources */,
				F9EBBA32288C8C2A00D2087C /* Review.swift in Sources */,
				5A62AAEC281177A0003667D2 /* SettingsView.swift in Sources */,
				5AAB52D528135795003C53E3 /* CustomSegmentedControl.swift in Sources */,
				F9881BA528820DF000395F03 /* MixerSettingsViewController.swift in Sources */,
				5AAB52D428135795003C53E3 /* FilterTagCollectionViewCell.swift in Sources */,
			);
			runOnlyForDeploymentPostprocessing = 0;
		};
/* End PBXSourcesBuildPhase section */

/* Begin PBXVariantGroup section */
		5A8841C2280B4DAA00A8291B /* LaunchScreen.storyboard */ = {
			isa = PBXVariantGroup;
			children = (
				5A8841C3280B4DAA00A8291B /* Base */,
			);
			name = LaunchScreen.storyboard;
			sourceTree = "<group>";
		};
/* End PBXVariantGroup section */

/* Begin XCBuildConfiguration section */
		5A8841C6280B4DAA00A8291B /* Debug */ = {
			isa = XCBuildConfiguration;
			buildSettings = {
				ALWAYS_SEARCH_USER_PATHS = NO;
				CLANG_ANALYZER_NONNULL = YES;
				CLANG_ANALYZER_NUMBER_OBJECT_CONVERSION = YES_AGGRESSIVE;
				CLANG_CXX_LANGUAGE_STANDARD = "gnu++17";
				CLANG_ENABLE_MODULES = YES;
				CLANG_ENABLE_OBJC_ARC = YES;
				CLANG_ENABLE_OBJC_WEAK = YES;
				CLANG_WARN_BLOCK_CAPTURE_AUTORELEASING = YES;
				CLANG_WARN_BOOL_CONVERSION = YES;
				CLANG_WARN_COMMA = YES;
				CLANG_WARN_CONSTANT_CONVERSION = YES;
				CLANG_WARN_DEPRECATED_OBJC_IMPLEMENTATIONS = YES;
				CLANG_WARN_DIRECT_OBJC_ISA_USAGE = YES_ERROR;
				CLANG_WARN_DOCUMENTATION_COMMENTS = YES;
				CLANG_WARN_EMPTY_BODY = YES;
				CLANG_WARN_ENUM_CONVERSION = YES;
				CLANG_WARN_INFINITE_RECURSION = YES;
				CLANG_WARN_INT_CONVERSION = YES;
				CLANG_WARN_NON_LITERAL_NULL_CONVERSION = YES;
				CLANG_WARN_OBJC_IMPLICIT_RETAIN_SELF = YES;
				CLANG_WARN_OBJC_LITERAL_CONVERSION = YES;
				CLANG_WARN_OBJC_ROOT_CLASS = YES_ERROR;
				CLANG_WARN_QUOTED_INCLUDE_IN_FRAMEWORK_HEADER = YES;
				CLANG_WARN_RANGE_LOOP_ANALYSIS = YES;
				CLANG_WARN_STRICT_PROTOTYPES = YES;
				CLANG_WARN_SUSPICIOUS_MOVE = YES;
				CLANG_WARN_UNGUARDED_AVAILABILITY = YES_AGGRESSIVE;
				CLANG_WARN_UNREACHABLE_CODE = YES;
				CLANG_WARN__DUPLICATE_METHOD_MATCH = YES;
				COPY_PHASE_STRIP = NO;
				DEBUG_INFORMATION_FORMAT = dwarf;
				ENABLE_STRICT_OBJC_MSGSEND = YES;
				ENABLE_TESTABILITY = YES;
				GCC_C_LANGUAGE_STANDARD = gnu11;
				GCC_DYNAMIC_NO_PIC = NO;
				GCC_NO_COMMON_BLOCKS = YES;
				GCC_OPTIMIZATION_LEVEL = 0;
				GCC_PREPROCESSOR_DEFINITIONS = (
					"DEBUG=1",
					"$(inherited)",
				);
				GCC_WARN_64_TO_32_BIT_CONVERSION = YES;
				GCC_WARN_ABOUT_RETURN_TYPE = YES_ERROR;
				GCC_WARN_UNDECLARED_SELECTOR = YES;
				GCC_WARN_UNINITIALIZED_AUTOS = YES_AGGRESSIVE;
				GCC_WARN_UNUSED_FUNCTION = YES;
				GCC_WARN_UNUSED_VARIABLE = YES;
				IPHONEOS_DEPLOYMENT_TARGET = 15.4;
				MTL_ENABLE_DEBUG_INFO = INCLUDE_SOURCE;
				MTL_FAST_MATH = YES;
				ONLY_ACTIVE_ARCH = YES;
				SDKROOT = iphoneos;
				SWIFT_ACTIVE_COMPILATION_CONDITIONS = DEBUG;
				SWIFT_OPTIMIZATION_LEVEL = "-Onone";
			};
			name = Debug;
		};
		5A8841C7280B4DAA00A8291B /* Release */ = {
			isa = XCBuildConfiguration;
			buildSettings = {
				ALWAYS_SEARCH_USER_PATHS = NO;
				CLANG_ANALYZER_NONNULL = YES;
				CLANG_ANALYZER_NUMBER_OBJECT_CONVERSION = YES_AGGRESSIVE;
				CLANG_CXX_LANGUAGE_STANDARD = "gnu++17";
				CLANG_ENABLE_MODULES = YES;
				CLANG_ENABLE_OBJC_ARC = YES;
				CLANG_ENABLE_OBJC_WEAK = YES;
				CLANG_WARN_BLOCK_CAPTURE_AUTORELEASING = YES;
				CLANG_WARN_BOOL_CONVERSION = YES;
				CLANG_WARN_COMMA = YES;
				CLANG_WARN_CONSTANT_CONVERSION = YES;
				CLANG_WARN_DEPRECATED_OBJC_IMPLEMENTATIONS = YES;
				CLANG_WARN_DIRECT_OBJC_ISA_USAGE = YES_ERROR;
				CLANG_WARN_DOCUMENTATION_COMMENTS = YES;
				CLANG_WARN_EMPTY_BODY = YES;
				CLANG_WARN_ENUM_CONVERSION = YES;
				CLANG_WARN_INFINITE_RECURSION = YES;
				CLANG_WARN_INT_CONVERSION = YES;
				CLANG_WARN_NON_LITERAL_NULL_CONVERSION = YES;
				CLANG_WARN_OBJC_IMPLICIT_RETAIN_SELF = YES;
				CLANG_WARN_OBJC_LITERAL_CONVERSION = YES;
				CLANG_WARN_OBJC_ROOT_CLASS = YES_ERROR;
				CLANG_WARN_QUOTED_INCLUDE_IN_FRAMEWORK_HEADER = YES;
				CLANG_WARN_RANGE_LOOP_ANALYSIS = YES;
				CLANG_WARN_STRICT_PROTOTYPES = YES;
				CLANG_WARN_SUSPICIOUS_MOVE = YES;
				CLANG_WARN_UNGUARDED_AVAILABILITY = YES_AGGRESSIVE;
				CLANG_WARN_UNREACHABLE_CODE = YES;
				CLANG_WARN__DUPLICATE_METHOD_MATCH = YES;
				COPY_PHASE_STRIP = NO;
				DEBUG_INFORMATION_FORMAT = "dwarf-with-dsym";
				ENABLE_NS_ASSERTIONS = NO;
				ENABLE_STRICT_OBJC_MSGSEND = YES;
				GCC_C_LANGUAGE_STANDARD = gnu11;
				GCC_NO_COMMON_BLOCKS = YES;
				GCC_WARN_64_TO_32_BIT_CONVERSION = YES;
				GCC_WARN_ABOUT_RETURN_TYPE = YES_ERROR;
				GCC_WARN_UNDECLARED_SELECTOR = YES;
				GCC_WARN_UNINITIALIZED_AUTOS = YES_AGGRESSIVE;
				GCC_WARN_UNUSED_FUNCTION = YES;
				GCC_WARN_UNUSED_VARIABLE = YES;
				IPHONEOS_DEPLOYMENT_TARGET = 15.4;
				MTL_ENABLE_DEBUG_INFO = NO;
				MTL_FAST_MATH = YES;
				SDKROOT = iphoneos;
				SWIFT_COMPILATION_MODE = wholemodule;
				SWIFT_OPTIMIZATION_LEVEL = "-O";
				VALIDATE_PRODUCT = YES;
			};
			name = Release;
		};
		5A8841C9280B4DAA00A8291B /* Debug */ = {
			isa = XCBuildConfiguration;
			buildSettings = {
				ASSETCATALOG_COMPILER_APPICON_NAME = AppIcon;
				ASSETCATALOG_COMPILER_GLOBAL_ACCENT_COLOR_NAME = AccentColor;
				CODE_SIGN_STYLE = Automatic;
				CURRENT_PROJECT_VERSION = 2;
				DEVELOPMENT_TEAM = R2TF4J9L8G;
				GENERATE_INFOPLIST_FILE = YES;
				INFOPLIST_FILE = WhiteNoise/Info.plist;
				INFOPLIST_KEY_UIApplicationSupportsIndirectInputEvents = YES;
				INFOPLIST_KEY_UILaunchStoryboardName = LaunchScreen;
				INFOPLIST_KEY_UIMainStoryboardFile = LaunchScreen;
				INFOPLIST_KEY_UISupportedInterfaceOrientations_iPad = "UIInterfaceOrientationPortrait UIInterfaceOrientationPortraitUpsideDown UIInterfaceOrientationLandscapeLeft UIInterfaceOrientationLandscapeRight";
				INFOPLIST_KEY_UISupportedInterfaceOrientations_iPhone = "UIInterfaceOrientationPortrait UIInterfaceOrientationLandscapeLeft UIInterfaceOrientationLandscapeRight";
				LD_RUNPATH_SEARCH_PATHS = (
					"$(inherited)",
					"@executable_path/Frameworks",
				);
				MARKETING_VERSION = 1.1;
				PRODUCT_BUNDLE_IDENTIFIER = kotleni.WhiteNoise;
				PRODUCT_NAME = "$(TARGET_NAME)";
				SWIFT_EMIT_LOC_STRINGS = YES;
				SWIFT_VERSION = 5.0;
				TARGETED_DEVICE_FAMILY = 1;
			};
			name = Debug;
		};
		5A8841CA280B4DAA00A8291B /* Release */ = {
			isa = XCBuildConfiguration;
			buildSettings = {
				ASSETCATALOG_COMPILER_APPICON_NAME = AppIcon;
				ASSETCATALOG_COMPILER_GLOBAL_ACCENT_COLOR_NAME = AccentColor;
				CODE_SIGN_STYLE = Automatic;
				CURRENT_PROJECT_VERSION = 2;
				DEVELOPMENT_TEAM = R2TF4J9L8G;
				GENERATE_INFOPLIST_FILE = YES;
				INFOPLIST_FILE = WhiteNoise/Info.plist;
				INFOPLIST_KEY_UIApplicationSupportsIndirectInputEvents = YES;
				INFOPLIST_KEY_UILaunchStoryboardName = LaunchScreen;
				INFOPLIST_KEY_UIMainStoryboardFile = LaunchScreen;
				INFOPLIST_KEY_UISupportedInterfaceOrientations_iPad = "UIInterfaceOrientationPortrait UIInterfaceOrientationPortraitUpsideDown UIInterfaceOrientationLandscapeLeft UIInterfaceOrientationLandscapeRight";
				INFOPLIST_KEY_UISupportedInterfaceOrientations_iPhone = "UIInterfaceOrientationPortrait UIInterfaceOrientationLandscapeLeft UIInterfaceOrientationLandscapeRight";
				LD_RUNPATH_SEARCH_PATHS = (
					"$(inherited)",
					"@executable_path/Frameworks",
				);
				MARKETING_VERSION = 1.1;
				PRODUCT_BUNDLE_IDENTIFIER = kotleni.WhiteNoise;
				PRODUCT_NAME = "$(TARGET_NAME)";
				SWIFT_EMIT_LOC_STRINGS = YES;
				SWIFT_VERSION = 5.0;
				TARGETED_DEVICE_FAMILY = 1;
			};
			name = Release;
		};
/* End XCBuildConfiguration section */

/* Begin XCConfigurationList section */
		5A8841AF280B4DA800A8291B /* Build configuration list for PBXProject "WhiteNoise" */ = {
			isa = XCConfigurationList;
			buildConfigurations = (
				5A8841C6280B4DAA00A8291B /* Debug */,
				5A8841C7280B4DAA00A8291B /* Release */,
			);
			defaultConfigurationIsVisible = 0;
			defaultConfigurationName = Release;
		};
		5A8841C8280B4DAA00A8291B /* Build configuration list for PBXNativeTarget "WhiteNoise" */ = {
			isa = XCConfigurationList;
			buildConfigurations = (
				5A8841C9280B4DAA00A8291B /* Debug */,
				5A8841CA280B4DAA00A8291B /* Release */,
			);
			defaultConfigurationIsVisible = 0;
			defaultConfigurationName = Release;
		};
/* End XCConfigurationList section */

/* Begin XCVersionGroup section */
		F91327BA2857C44E006D0EF6 /* MixDataModel.xcdatamodeld */ = {
			isa = XCVersionGroup;
			children = (
				F91327BB2857C44E006D0EF6 /* MixDataModel.xcdatamodel */,
			);
			currentVersion = F91327BB2857C44E006D0EF6 /* MixDataModel.xcdatamodel */;
			path = MixDataModel.xcdatamodeld;
			sourceTree = "<group>";
			versionGroupType = wrapper.xcdatamodel;
		};
/* End XCVersionGroup section */
	};
	rootObject = 5A8841AC280B4DA800A8291B /* Project object */;
}
